
Microsoft Visual Studio Solution File, Format Version 12.00
# Visual Studio 15
VisualStudioVersion = 15.0.27004.2002
MinimumVisualStudioVersion = 10.0.40219.1
Project("{2150E333-8FDC-42A3-9474-1A3956D46DE8}") = "CrossPlatform", "CrossPlatform", "{2319D832-FBC1-48AE-B8B9-DC3B4C0C25ED}"
EndProject
Project("{FAE04EC0-301F-11D3-BF4B-00C04F79EFBC}") = "SocketLite.UWP", "CrossPlatform\SocketLite.UWP\SocketLite.UWP.csproj", "{EE2135A2-6ED8-419D-BA15-8F56CD59831F}"
EndProject
Project("{FAE04EC0-301F-11D3-BF4B-00C04F79EFBC}") = "SocketLite.Android", "CrossPlatform\SocketLite.Android\SocketLite.Android.csproj", "{5FCD1BCB-CE36-407E-965F-9B10B21A66C2}"
EndProject
Project("{FAE04EC0-301F-11D3-BF4B-00C04F79EFBC}") = "SocketLite.iOS", "CrossPlatform\SocketLite.iOS\SocketLite.iOS.csproj", "{E487F13D-FCE2-4E8E-A183-A89CA61AA78F}"
EndProject
Project("{FAE04EC0-301F-11D3-BF4B-00C04F79EFBC}") = "SocketLite.net451", "CrossPlatform\SocketLite.net451\SocketLite.net451.csproj", "{CDE9AD85-1FDF-4213-B580-7C297EC81205}"
EndProject
Project("{2150E333-8FDC-42A3-9474-1A3956D46DE8}") = "Git", "Git", "{A7431F7E-1AB8-4627-ACEB-DAB38C588847}"
	ProjectSection(SolutionItems) = preProject
		..\..\LICENSE.md = ..\..\LICENSE.md
		..\..\README.md = ..\..\README.md
	EndProjectSection
EndProject
Project("{2150E333-8FDC-42A3-9474-1A3956D46DE8}") = "NuGet", "NuGet", "{A3977559-8DD7-4AC8-9AA9-DE765D82B389}"
	ProjectSection(SolutionItems) = preProject
		..\build\build.ps1 = ..\build\build.ps1
		..\build\publish.ps1 = ..\build\publish.ps1
		..\build\publishLocal.ps1 = ..\build\publishLocal.ps1
		..\build\SocketLite.nuspec = ..\build\SocketLite.nuspec
	EndProjectSection
EndProject
Project("{9A19103F-16F7-4668-BE54-9A1E7A4F7556}") = "SocketLite.NetStandard15", "CrossPlatform\SocketLite.NetStandard15\SocketLite.NetStandard15.csproj", "{B94D12AC-A81D-4D90-AEBF-B64C1EB89E65}"
EndProject
Project("{2150E333-8FDC-42A3-9474-1A3956D46DE8}") = "Test", "Test", "{B3EB1297-57A9-4338-A578-233522C81AC9}"
EndProject
Project("{9A19103F-16F7-4668-BE54-9A1E7A4F7556}") = "SocketLite.NETCore.Test", "..\test\SocketLite.NETCore.Test\SocketLite.NETCore.Test.csproj", "{0C3ED220-9B7A-4F4E-A18B-7D23D87C3297}"
EndProject
Project("{2150E333-8FDC-42A3-9474-1A3956D46DE8}") = "Interface", "Interface", "{C8E52422-CCD1-4F33-82C5-C44626743827}"
EndProject
Project("{9A19103F-16F7-4668-BE54-9A1E7A4F7556}") = "ISocketLite.Netstandard", "..\interface\ISocketLite.Netstandard\ISocketLite.Netstandard.csproj", "{2EB1C36A-FA63-4EAB-ACCB-7E13BF65C378}"
EndProject
Project("{9A19103F-16F7-4668-BE54-9A1E7A4F7556}") = "SocketLite.Bait.Netstandard", "SocketLite.Bait.Netstandard\SocketLite.Bait.Netstandard.csproj", "{6E8EFA83-8443-43C3-9161-A04AD249222C}"
EndProject
Project("{FAE04EC0-301F-11D3-BF4B-00C04F79EFBC}") = "Net451.Console.Test", "..\test\Net451.Console.Test\Net451.Console.Test.csproj", "{98F41AC2-9454-416B-A0D0-16F1C8D74105}"
EndProject
Project("{9A19103F-16F7-4668-BE54-9A1E7A4F7556}") = "SocketLite.Netstandard20", "CrossPlatform\SocketLite.Netstandard20\SocketLite.Netstandard20.csproj", "{B837ABB7-A5F6-43CC-804F-1427124E90E6}"
EndProject
Project("{FAE04EC0-301F-11D3-BF4B-00C04F79EFBC}") = "SocketLite.Netstandard13", "CrossPlatform\SocketLite.Netstandard13\SocketLite.Netstandard13.csproj", "{8C5C097B-59D4-42DF-84A9-7CD574D93D1F}"
EndProject
Global
	GlobalSection(SolutionConfigurationPlatforms) = preSolution
		Debug|Any CPU = Debug|Any CPU
		Debug|ARM = Debug|ARM
		Debug|x64 = Debug|x64
		Debug|x86 = Debug|x86
		Release|Any CPU = Release|Any CPU
		Release|ARM = Release|ARM
		Release|x64 = Release|x64
		Release|x86 = Release|x86
	EndGlobalSection
	GlobalSection(ProjectConfigurationPlatforms) = postSolution
		{EE2135A2-6ED8-419D-BA15-8F56CD59831F}.Debug|Any CPU.ActiveCfg = Debug|Any CPU
		{EE2135A2-6ED8-419D-BA15-8F56CD59831F}.Debug|Any CPU.Build.0 = Debug|Any CPU
		{EE2135A2-6ED8-419D-BA15-8F56CD59831F}.Debug|ARM.ActiveCfg = Debug|ARM
		{EE2135A2-6ED8-419D-BA15-8F56CD59831F}.Debug|ARM.Build.0 = Debug|ARM
		{EE2135A2-6ED8-419D-BA15-8F56CD59831F}.Debug|x64.ActiveCfg = Debug|x64
		{EE2135A2-6ED8-419D-BA15-8F56CD59831F}.Debug|x64.Build.0 = Debug|x64
		{EE2135A2-6ED8-419D-BA15-8F56CD59831F}.Debug|x86.ActiveCfg = Debug|x86
		{EE2135A2-6ED8-419D-BA15-8F56CD59831F}.Debug|x86.Build.0 = Debug|x86
		{EE2135A2-6ED8-419D-BA15-8F56CD59831F}.Release|Any CPU.ActiveCfg = Release|Any CPU
		{EE2135A2-6ED8-419D-BA15-8F56CD59831F}.Release|Any CPU.Build.0 = Release|Any CPU
		{EE2135A2-6ED8-419D-BA15-8F56CD59831F}.Release|ARM.ActiveCfg = Release|ARM
		{EE2135A2-6ED8-419D-BA15-8F56CD59831F}.Release|ARM.Build.0 = Release|ARM
		{EE2135A2-6ED8-419D-BA15-8F56CD59831F}.Release|x64.ActiveCfg = Release|x64
		{EE2135A2-6ED8-419D-BA15-8F56CD59831F}.Release|x64.Build.0 = Release|x64
		{EE2135A2-6ED8-419D-BA15-8F56CD59831F}.Release|x86.ActiveCfg = Release|x86
		{EE2135A2-6ED8-419D-BA15-8F56CD59831F}.Release|x86.Build.0 = Release|x86
		{5FCD1BCB-CE36-407E-965F-9B10B21A66C2}.Debug|Any CPU.ActiveCfg = Debug|Any CPU
		{5FCD1BCB-CE36-407E-965F-9B10B21A66C2}.Debug|Any CPU.Build.0 = Debug|Any CPU
		{5FCD1BCB-CE36-407E-965F-9B10B21A66C2}.Debug|ARM.ActiveCfg = Debug|Any CPU
		{5FCD1BCB-CE36-407E-965F-9B10B21A66C2}.Debug|ARM.Build.0 = Debug|Any CPU
		{5FCD1BCB-CE36-407E-965F-9B10B21A66C2}.Debug|x64.ActiveCfg = Debug|Any CPU
		{5FCD1BCB-CE36-407E-965F-9B10B21A66C2}.Debug|x64.Build.0 = Debug|Any CPU
		{5FCD1BCB-CE36-407E-965F-9B10B21A66C2}.Debug|x86.ActiveCfg = Debug|Any CPU
		{5FCD1BCB-CE36-407E-965F-9B10B21A66C2}.Debug|x86.Build.0 = Debug|Any CPU
		{5FCD1BCB-CE36-407E-965F-9B10B21A66C2}.Release|Any CPU.ActiveCfg = Release|Any CPU
		{5FCD1BCB-CE36-407E-965F-9B10B21A66C2}.Release|Any CPU.Build.0 = Release|Any CPU
		{5FCD1BCB-CE36-407E-965F-9B10B21A66C2}.Release|ARM.ActiveCfg = Release|Any CPU
		{5FCD1BCB-CE36-407E-965F-9B10B21A66C2}.Release|ARM.Build.0 = Release|Any CPU
		{5FCD1BCB-CE36-407E-965F-9B10B21A66C2}.Release|x64.ActiveCfg = Release|Any CPU
		{5FCD1BCB-CE36-407E-965F-9B10B21A66C2}.Release|x64.Build.0 = Release|Any CPU
		{5FCD1BCB-CE36-407E-965F-9B10B21A66C2}.Release|x86.ActiveCfg = Release|Any CPU
		{5FCD1BCB-CE36-407E-965F-9B10B21A66C2}.Release|x86.Build.0 = Release|Any CPU
		{E487F13D-FCE2-4E8E-A183-A89CA61AA78F}.Debug|Any CPU.ActiveCfg = Debug|Any CPU
		{E487F13D-FCE2-4E8E-A183-A89CA61AA78F}.Debug|Any CPU.Build.0 = Debug|Any CPU
		{E487F13D-FCE2-4E8E-A183-A89CA61AA78F}.Debug|ARM.ActiveCfg = Debug|Any CPU
		{E487F13D-FCE2-4E8E-A183-A89CA61AA78F}.Debug|ARM.Build.0 = Debug|Any CPU
		{E487F13D-FCE2-4E8E-A183-A89CA61AA78F}.Debug|x64.ActiveCfg = Debug|Any CPU
		{E487F13D-FCE2-4E8E-A183-A89CA61AA78F}.Debug|x64.Build.0 = Debug|Any CPU
		{E487F13D-FCE2-4E8E-A183-A89CA61AA78F}.Debug|x86.ActiveCfg = Debug|Any CPU
		{E487F13D-FCE2-4E8E-A183-A89CA61AA78F}.Debug|x86.Build.0 = Debug|Any CPU
		{E487F13D-FCE2-4E8E-A183-A89CA61AA78F}.Release|Any CPU.ActiveCfg = Release|Any CPU
		{E487F13D-FCE2-4E8E-A183-A89CA61AA78F}.Release|Any CPU.Build.0 = Release|Any CPU
		{E487F13D-FCE2-4E8E-A183-A89CA61AA78F}.Release|ARM.ActiveCfg = Release|Any CPU
		{E487F13D-FCE2-4E8E-A183-A89CA61AA78F}.Release|ARM.Build.0 = Release|Any CPU
		{E487F13D-FCE2-4E8E-A183-A89CA61AA78F}.Release|x64.ActiveCfg = Release|Any CPU
		{E487F13D-FCE2-4E8E-A183-A89CA61AA78F}.Release|x64.Build.0 = Release|Any CPU
		{E487F13D-FCE2-4E8E-A183-A89CA61AA78F}.Release|x86.ActiveCfg = Release|Any CPU
		{E487F13D-FCE2-4E8E-A183-A89CA61AA78F}.Release|x86.Build.0 = Release|Any CPU
		{CDE9AD85-1FDF-4213-B580-7C297EC81205}.Debug|Any CPU.ActiveCfg = Debug|Any CPU
		{CDE9AD85-1FDF-4213-B580-7C297EC81205}.Debug|Any CPU.Build.0 = Debug|Any CPU
		{CDE9AD85-1FDF-4213-B580-7C297EC81205}.Debug|ARM.ActiveCfg = Debug|Any CPU
		{CDE9AD85-1FDF-4213-B580-7C297EC81205}.Debug|ARM.Build.0 = Debug|Any CPU
		{CDE9AD85-1FDF-4213-B580-7C297EC81205}.Debug|x64.ActiveCfg = Debug|Any CPU
		{CDE9AD85-1FDF-4213-B580-7C297EC81205}.Debug|x64.Build.0 = Debug|Any CPU
		{CDE9AD85-1FDF-4213-B580-7C297EC81205}.Debug|x86.ActiveCfg = Debug|Any CPU
		{CDE9AD85-1FDF-4213-B580-7C297EC81205}.Debug|x86.Build.0 = Debug|Any CPU
		{CDE9AD85-1FDF-4213-B580-7C297EC81205}.Release|Any CPU.ActiveCfg = Release|Any CPU
		{CDE9AD85-1FDF-4213-B580-7C297EC81205}.Release|Any CPU.Build.0 = Release|Any CPU
		{CDE9AD85-1FDF-4213-B580-7C297EC81205}.Release|ARM.ActiveCfg = Release|Any CPU
		{CDE9AD85-1FDF-4213-B580-7C297EC81205}.Release|ARM.Build.0 = Release|Any CPU
		{CDE9AD85-1FDF-4213-B580-7C297EC81205}.Release|x64.ActiveCfg = Release|Any CPU
		{CDE9AD85-1FDF-4213-B580-7C297EC81205}.Release|x64.Build.0 = Release|Any CPU
		{CDE9AD85-1FDF-4213-B580-7C297EC81205}.Release|x86.ActiveCfg = Release|Any CPU
		{CDE9AD85-1FDF-4213-B580-7C297EC81205}.Release|x86.Build.0 = Release|Any CPU
		{B94D12AC-A81D-4D90-AEBF-B64C1EB89E65}.Debug|Any CPU.ActiveCfg = Debug|Any CPU
		{B94D12AC-A81D-4D90-AEBF-B64C1EB89E65}.Debug|Any CPU.Build.0 = Debug|Any CPU
		{B94D12AC-A81D-4D90-AEBF-B64C1EB89E65}.Debug|ARM.ActiveCfg = Debug|Any CPU
		{B94D12AC-A81D-4D90-AEBF-B64C1EB89E65}.Debug|ARM.Build.0 = Debug|Any CPU
		{B94D12AC-A81D-4D90-AEBF-B64C1EB89E65}.Debug|x64.ActiveCfg = Debug|Any CPU
		{B94D12AC-A81D-4D90-AEBF-B64C1EB89E65}.Debug|x64.Build.0 = Debug|Any CPU
		{B94D12AC-A81D-4D90-AEBF-B64C1EB89E65}.Debug|x86.ActiveCfg = Debug|Any CPU
		{B94D12AC-A81D-4D90-AEBF-B64C1EB89E65}.Debug|x86.Build.0 = Debug|Any CPU
		{B94D12AC-A81D-4D90-AEBF-B64C1EB89E65}.Release|Any CPU.ActiveCfg = Release|Any CPU
		{B94D12AC-A81D-4D90-AEBF-B64C1EB89E65}.Release|Any CPU.Build.0 = Release|Any CPU
		{B94D12AC-A81D-4D90-AEBF-B64C1EB89E65}.Release|ARM.ActiveCfg = Release|Any CPU
		{B94D12AC-A81D-4D90-AEBF-B64C1EB89E65}.Release|ARM.Build.0 = Release|Any CPU
		{B94D12AC-A81D-4D90-AEBF-B64C1EB89E65}.Release|x64.ActiveCfg = Release|Any CPU
		{B94D12AC-A81D-4D90-AEBF-B64C1EB89E65}.Release|x64.Build.0 = Release|Any CPU
		{B94D12AC-A81D-4D90-AEBF-B64C1EB89E65}.Release|x86.ActiveCfg = Release|Any CPU
		{B94D12AC-A81D-4D90-AEBF-B64C1EB89E65}.Release|x86.Build.0 = Release|Any CPU
		{0C3ED220-9B7A-4F4E-A18B-7D23D87C3297}.Debug|Any CPU.ActiveCfg = Debug|Any CPU
		{0C3ED220-9B7A-4F4E-A18B-7D23D87C3297}.Debug|Any CPU.Build.0 = Debug|Any CPU
		{0C3ED220-9B7A-4F4E-A18B-7D23D87C3297}.Debug|ARM.ActiveCfg = Debug|Any CPU
		{0C3ED220-9B7A-4F4E-A18B-7D23D87C3297}.Debug|ARM.Build.0 = Debug|Any CPU
		{0C3ED220-9B7A-4F4E-A18B-7D23D87C3297}.Debug|x64.ActiveCfg = Debug|Any CPU
		{0C3ED220-9B7A-4F4E-A18B-7D23D87C3297}.Debug|x64.Build.0 = Debug|Any CPU
		{0C3ED220-9B7A-4F4E-A18B-7D23D87C3297}.Debug|x86.ActiveCfg = Debug|Any CPU
		{0C3ED220-9B7A-4F4E-A18B-7D23D87C3297}.Debug|x86.Build.0 = Debug|Any CPU
		{0C3ED220-9B7A-4F4E-A18B-7D23D87C3297}.Release|Any CPU.ActiveCfg = Release|Any CPU
		{0C3ED220-9B7A-4F4E-A18B-7D23D87C3297}.Release|Any CPU.Build.0 = Release|Any CPU
		{0C3ED220-9B7A-4F4E-A18B-7D23D87C3297}.Release|ARM.ActiveCfg = Release|Any CPU
		{0C3ED220-9B7A-4F4E-A18B-7D23D87C3297}.Release|ARM.Build.0 = Release|Any CPU
		{0C3ED220-9B7A-4F4E-A18B-7D23D87C3297}.Release|x64.ActiveCfg = Release|Any CPU
		{0C3ED220-9B7A-4F4E-A18B-7D23D87C3297}.Release|x64.Build.0 = Release|Any CPU
		{0C3ED220-9B7A-4F4E-A18B-7D23D87C3297}.Release|x86.ActiveCfg = Release|Any CPU
		{0C3ED220-9B7A-4F4E-A18B-7D23D87C3297}.Release|x86.Build.0 = Release|Any CPU
		{2EB1C36A-FA63-4EAB-ACCB-7E13BF65C378}.Debug|Any CPU.ActiveCfg = Debug|Any CPU
		{2EB1C36A-FA63-4EAB-ACCB-7E13BF65C378}.Debug|Any CPU.Build.0 = Debug|Any CPU
		{2EB1C36A-FA63-4EAB-ACCB-7E13BF65C378}.Debug|ARM.ActiveCfg = Debug|Any CPU
		{2EB1C36A-FA63-4EAB-ACCB-7E13BF65C378}.Debug|ARM.Build.0 = Debug|Any CPU
		{2EB1C36A-FA63-4EAB-ACCB-7E13BF65C378}.Debug|x64.ActiveCfg = Debug|Any CPU
		{2EB1C36A-FA63-4EAB-ACCB-7E13BF65C378}.Debug|x64.Build.0 = Debug|Any CPU
		{2EB1C36A-FA63-4EAB-ACCB-7E13BF65C378}.Debug|x86.ActiveCfg = Debug|Any CPU
		{2EB1C36A-FA63-4EAB-ACCB-7E13BF65C378}.Debug|x86.Build.0 = Debug|Any CPU
		{2EB1C36A-FA63-4EAB-ACCB-7E13BF65C378}.Release|Any CPU.ActiveCfg = Release|Any CPU
		{2EB1C36A-FA63-4EAB-ACCB-7E13BF65C378}.Release|Any CPU.Build.0 = Release|Any CPU
		{2EB1C36A-FA63-4EAB-ACCB-7E13BF65C378}.Release|ARM.ActiveCfg = Release|Any CPU
		{2EB1C36A-FA63-4EAB-ACCB-7E13BF65C378}.Release|ARM.Build.0 = Release|Any CPU
		{2EB1C36A-FA63-4EAB-ACCB-7E13BF65C378}.Release|x64.ActiveCfg = Release|Any CPU
		{2EB1C36A-FA63-4EAB-ACCB-7E13BF65C378}.Release|x64.Build.0 = Release|Any CPU
		{2EB1C36A-FA63-4EAB-ACCB-7E13BF65C378}.Release|x86.ActiveCfg = Release|Any CPU
		{2EB1C36A-FA63-4EAB-ACCB-7E13BF65C378}.Release|x86.Build.0 = Release|Any CPU
		{6E8EFA83-8443-43C3-9161-A04AD249222C}.Debug|Any CPU.ActiveCfg = Debug|Any CPU
		{6E8EFA83-8443-43C3-9161-A04AD249222C}.Debug|Any CPU.Build.0 = Debug|Any CPU
		{6E8EFA83-8443-43C3-9161-A04AD249222C}.Debug|ARM.ActiveCfg = Debug|Any CPU
		{6E8EFA83-8443-43C3-9161-A04AD249222C}.Debug|ARM.Build.0 = Debug|Any CPU
		{6E8EFA83-8443-43C3-9161-A04AD249222C}.Debug|x64.ActiveCfg = Debug|Any CPU
		{6E8EFA83-8443-43C3-9161-A04AD249222C}.Debug|x64.Build.0 = Debug|Any CPU
		{6E8EFA83-8443-43C3-9161-A04AD249222C}.Debug|x86.ActiveCfg = Debug|Any CPU
		{6E8EFA83-8443-43C3-9161-A04AD249222C}.Debug|x86.Build.0 = Debug|Any CPU
		{6E8EFA83-8443-43C3-9161-A04AD249222C}.Release|Any CPU.ActiveCfg = Release|Any CPU
		{6E8EFA83-8443-43C3-9161-A04AD249222C}.Release|Any CPU.Build.0 = Release|Any CPU
		{6E8EFA83-8443-43C3-9161-A04AD249222C}.Release|ARM.ActiveCfg = Release|Any CPU
		{6E8EFA83-8443-43C3-9161-A04AD249222C}.Release|ARM.Build.0 = Release|Any CPU
		{6E8EFA83-8443-43C3-9161-A04AD249222C}.Release|x64.ActiveCfg = Release|Any CPU
		{6E8EFA83-8443-43C3-9161-A04AD249222C}.Release|x64.Build.0 = Release|Any CPU
		{6E8EFA83-8443-43C3-9161-A04AD249222C}.Release|x86.ActiveCfg = Release|Any CPU
		{6E8EFA83-8443-43C3-9161-A04AD249222C}.Release|x86.Build.0 = Release|Any CPU
		{98F41AC2-9454-416B-A0D0-16F1C8D74105}.Debug|Any CPU.ActiveCfg = Debug|Any CPU
		{98F41AC2-9454-416B-A0D0-16F1C8D74105}.Debug|Any CPU.Build.0 = Debug|Any CPU
		{98F41AC2-9454-416B-A0D0-16F1C8D74105}.Debug|ARM.ActiveCfg = Debug|Any CPU
		{98F41AC2-9454-416B-A0D0-16F1C8D74105}.Debug|ARM.Build.0 = Debug|Any CPU
		{98F41AC2-9454-416B-A0D0-16F1C8D74105}.Debug|x64.ActiveCfg = Debug|Any CPU
		{98F41AC2-9454-416B-A0D0-16F1C8D74105}.Debug|x64.Build.0 = Debug|Any CPU
		{98F41AC2-9454-416B-A0D0-16F1C8D74105}.Debug|x86.ActiveCfg = Debug|Any CPU
		{98F41AC2-9454-416B-A0D0-16F1C8D74105}.Debug|x86.Build.0 = Debug|Any CPU
		{98F41AC2-9454-416B-A0D0-16F1C8D74105}.Release|Any CPU.ActiveCfg = Release|Any CPU
		{98F41AC2-9454-416B-A0D0-16F1C8D74105}.Release|Any CPU.Build.0 = Release|Any CPU
		{98F41AC2-9454-416B-A0D0-16F1C8D74105}.Release|ARM.ActiveCfg = Release|Any CPU
		{98F41AC2-9454-416B-A0D0-16F1C8D74105}.Release|ARM.Build.0 = Release|Any CPU
		{98F41AC2-9454-416B-A0D0-16F1C8D74105}.Release|x64.ActiveCfg = Release|Any CPU
		{98F41AC2-9454-416B-A0D0-16F1C8D74105}.Release|x64.Build.0 = Release|Any CPU
		{98F41AC2-9454-416B-A0D0-16F1C8D74105}.Release|x86.ActiveCfg = Release|Any CPU
		{98F41AC2-9454-416B-A0D0-16F1C8D74105}.Release|x86.Build.0 = Release|Any CPU
		{B837ABB7-A5F6-43CC-804F-1427124E90E6}.Debug|Any CPU.ActiveCfg = Debug|Any CPU
		{B837ABB7-A5F6-43CC-804F-1427124E90E6}.Debug|Any CPU.Build.0 = Debug|Any CPU
		{B837ABB7-A5F6-43CC-804F-1427124E90E6}.Debug|ARM.ActiveCfg = Debug|Any CPU
		{B837ABB7-A5F6-43CC-804F-1427124E90E6}.Debug|ARM.Build.0 = Debug|Any CPU
		{B837ABB7-A5F6-43CC-804F-1427124E90E6}.Debug|x64.ActiveCfg = Debug|Any CPU
		{B837ABB7-A5F6-43CC-804F-1427124E90E6}.Debug|x64.Build.0 = Debug|Any CPU
		{B837ABB7-A5F6-43CC-804F-1427124E90E6}.Debug|x86.ActiveCfg = Debug|Any CPU
		{B837ABB7-A5F6-43CC-804F-1427124E90E6}.Debug|x86.Build.0 = Debug|Any CPU
		{B837ABB7-A5F6-43CC-804F-1427124E90E6}.Release|Any CPU.ActiveCfg = Release|Any CPU
		{B837ABB7-A5F6-43CC-804F-1427124E90E6}.Release|Any CPU.Build.0 = Release|Any CPU
		{B837ABB7-A5F6-43CC-804F-1427124E90E6}.Release|ARM.ActiveCfg = Release|Any CPU
		{B837ABB7-A5F6-43CC-804F-1427124E90E6}.Release|ARM.Build.0 = Release|Any CPU
		{B837ABB7-A5F6-43CC-804F-1427124E90E6}.Release|x64.ActiveCfg = Release|Any CPU
		{B837ABB7-A5F6-43CC-804F-1427124E90E6}.Release|x64.Build.0 = Release|Any CPU
		{B837ABB7-A5F6-43CC-804F-1427124E90E6}.Release|x86.ActiveCfg = Release|Any CPU
		{B837ABB7-A5F6-43CC-804F-1427124E90E6}.Release|x86.Build.0 = Release|Any CPU
		{8C5C097B-59D4-42DF-84A9-7CD574D93D1F}.Debug|Any CPU.ActiveCfg = Debug|Any CPU
		{8C5C097B-59D4-42DF-84A9-7CD574D93D1F}.Debug|Any CPU.Build.0 = Debug|Any CPU
		{8C5C097B-59D4-42DF-84A9-7CD574D93D1F}.Debug|ARM.ActiveCfg = Debug|Any CPU
		{8C5C097B-59D4-42DF-84A9-7CD574D93D1F}.Debug|ARM.Build.0 = Debug|Any CPU
		{8C5C097B-59D4-42DF-84A9-7CD574D93D1F}.Debug|x64.ActiveCfg = Debug|Any CPU
		{8C5C097B-59D4-42DF-84A9-7CD574D93D1F}.Debug|x64.Build.0 = Debug|Any CPU
		{8C5C097B-59D4-42DF-84A9-7CD574D93D1F}.Debug|x86.ActiveCfg = Debug|Any CPU
		{8C5C097B-59D4-42DF-84A9-7CD574D93D1F}.Debug|x86.Build.0 = Debug|Any CPU
		{8C5C097B-59D4-42DF-84A9-7CD574D93D1F}.Release|Any CPU.ActiveCfg = Release|Any CPU
		{8C5C097B-59D4-42DF-84A9-7CD574D93D1F}.Release|Any CPU.Build.0 = Release|Any CPU
		{8C5C097B-59D4-42DF-84A9-7CD574D93D1F}.Release|ARM.ActiveCfg = Release|Any CPU
		{8C5C097B-59D4-42DF-84A9-7CD574D93D1F}.Release|ARM.Build.0 = Release|Any CPU
		{8C5C097B-59D4-42DF-84A9-7CD574D93D1F}.Release|x64.ActiveCfg = Release|Any CPU
		{8C5C097B-59D4-42DF-84A9-7CD574D93D1F}.Release|x64.Build.0 = Release|Any CPU
		{8C5C097B-59D4-42DF-84A9-7CD574D93D1F}.Release|x86.ActiveCfg = Release|Any CPU
		{8C5C097B-59D4-42DF-84A9-7CD574D93D1F}.Release|x86.Build.0 = Release|Any CPU
	EndGlobalSection
	GlobalSection(SolutionProperties) = preSolution
		HideSolutionNode = FALSE
	EndGlobalSection
	GlobalSection(NestedProjects) = preSolution
		{EE2135A2-6ED8-419D-BA15-8F56CD59831F} = {2319D832-FBC1-48AE-B8B9-DC3B4C0C25ED}
		{5FCD1BCB-CE36-407E-965F-9B10B21A66C2} = {2319D832-FBC1-48AE-B8B9-DC3B4C0C25ED}
		{E487F13D-FCE2-4E8E-A183-A89CA61AA78F} = {2319D832-FBC1-48AE-B8B9-DC3B4C0C25ED}
		{CDE9AD85-1FDF-4213-B580-7C297EC81205} = {2319D832-FBC1-48AE-B8B9-DC3B4C0C25ED}
		{B94D12AC-A81D-4D90-AEBF-B64C1EB89E65} = {2319D832-FBC1-48AE-B8B9-DC3B4C0C25ED}
		{0C3ED220-9B7A-4F4E-A18B-7D23D87C3297} = {B3EB1297-57A9-4338-A578-233522C81AC9}
		{2EB1C36A-FA63-4EAB-ACCB-7E13BF65C378} = {C8E52422-CCD1-4F33-82C5-C44626743827}
		{98F41AC2-9454-416B-A0D0-16F1C8D74105} = {B3EB1297-57A9-4338-A578-233522C81AC9}
		{B837ABB7-A5F6-43CC-804F-1427124E90E6} = {2319D832-FBC1-48AE-B8B9-DC3B4C0C25ED}
		{8C5C097B-59D4-42DF-84A9-7CD574D93D1F} = {2319D832-FBC1-48AE-B8B9-DC3B4C0C25ED}
	EndGlobalSection
	GlobalSection(ExtensibilityGlobals) = postSolution
		SolutionGuid = {9D03021A-E2BA-46F4-A672-6E6157C830FC}
	EndGlobalSection
EndGlobal
