
Microsoft Visual Studio Solution File, Format Version 12.00
# Visual Studio 15
VisualStudioVersion = 15.0.27130.2027
MinimumVisualStudioVersion = 10.0.40219.1
Project("{2150E333-8FDC-42A3-9474-1A3956D46DE8}") = "CrossPlatform", "CrossPlatform", "{2319D832-FBC1-48AE-B8B9-DC3B4C0C25ED}"
EndProject
Project("{FAE04EC0-301F-11D3-BF4B-00C04F79EFBC}") = "SocketLite.UWP", "CrossPlatform\SocketLite.UWP\SocketLite.UWP.csproj", "{EE2135A2-6ED8-419D-BA15-8F56CD59831F}"
EndProject
Project("{FAE04EC0-301F-11D3-BF4B-00C04F79EFBC}") = "SocketLite.Android", "CrossPlatform\SocketLite.Android\SocketLite.Android.csproj", "{5FCD1BCB-CE36-407E-965F-9B10B21A66C2}"
EndProject
Project("{FAE04EC0-301F-11D3-BF4B-00C04F79EFBC}") = "SocketLite.iOS", "CrossPlatform\SocketLite.iOS\SocketLite.iOS.csproj", "{E487F13D-FCE2-4E8E-A183-A89CA61AA78F}"
EndProject
Project("{FAE04EC0-301F-11D3-BF4B-00C04F79EFBC}") = "SocketLite.net460", "CrossPlatform\SocketLite.net460\SocketLite.net460.csproj", "{CDE9AD85-1FDF-4213-B580-7C297EC81205}"
EndProject
Project("{2150E333-8FDC-42A3-9474-1A3956D46DE8}") = "Git", "Git", "{A7431F7E-1AB8-4627-ACEB-DAB38C588847}"
	ProjectSection(SolutionItems) = preProject
		..\..\LICENSE.md = ..\..\LICENSE.md
		..\..\README.md = ..\..\README.md
	EndProjectSection
EndProject
Project("{2150E333-8FDC-42A3-9474-1A3956D46DE8}") = "NuGet", "NuGet", "{A3977559-8DD7-4AC8-9AA9-DE765D82B389}"
	ProjectSection(SolutionItems) = preProject
		..\build\build.ps1 = ..\build\build.ps1
		..\build\publish.ps1 = ..\build\publish.ps1
		..\build\publishLocal.ps1 = ..\build\publishLocal.ps1
		..\build\SocketLite.nuspec = ..\build\SocketLite.nuspec
	EndProjectSection
EndProject
Project("{2150E333-8FDC-42A3-9474-1A3956D46DE8}") = "Test", "Test", "{B3EB1297-57A9-4338-A578-233522C81AC9}"
EndProject
Project("{9A19103F-16F7-4668-BE54-9A1E7A4F7556}") = "SocketLite.NETCore.Test", "..\test\SocketLite.NETCore.Test\SocketLite.NETCore.Test.csproj", "{0C3ED220-9B7A-4F4E-A18B-7D23D87C3297}"
EndProject
Project("{2150E333-8FDC-42A3-9474-1A3956D46DE8}") = "Interface", "Interface", "{C8E52422-CCD1-4F33-82C5-C44626743827}"
EndProject
Project("{9A19103F-16F7-4668-BE54-9A1E7A4F7556}") = "ISocketLite.Netstandard", "..\interface\ISocketLite.Netstandard\ISocketLite.Netstandard.csproj", "{2EB1C36A-FA63-4EAB-ACCB-7E13BF65C378}"
EndProject
Project("{9A19103F-16F7-4668-BE54-9A1E7A4F7556}") = "SocketLite.Bait.Netstandard", "SocketLite.Bait.Netstandard\SocketLite.Bait.Netstandard.csproj", "{6E8EFA83-8443-43C3-9161-A04AD249222C}"
EndProject
Project("{FAE04EC0-301F-11D3-BF4B-00C04F79EFBC}") = "Net460.Console.Test", "..\test\Net460.Console.Test\Net460.Console.Test.csproj", "{98F41AC2-9454-416B-A0D0-16F1C8D74105}"
EndProject
Project("{9A19103F-16F7-4668-BE54-9A1E7A4F7556}") = "SocketLite.Netstandard20", "CrossPlatform\SocketLite.Netstandard20\SocketLite.Netstandard20.csproj", "{B837ABB7-A5F6-43CC-804F-1427124E90E6}"
EndProject
Project("{FAE04EC0-301F-11D3-BF4B-00C04F79EFBC}") = "Test.SocketLite.UWP", "..\test\Test.SocketLite.UWP\Test.SocketLite.UWP.csproj", "{FB252935-5848-4D0D-898D-D84BB8D90E23}"
EndProject
Project("{FAE04EC0-301F-11D3-BF4B-00C04F79EFBC}") = "SocketLite.iOS.Test", "..\test\SocketLite.iOS.Test\SocketLite.iOS.Test.csproj", "{101E3060-8799-4119-8A7A-4F86A01C0C84}"
EndProject
Project("{FAE04EC0-301F-11D3-BF4B-00C04F79EFBC}") = "SocketLite.XamarinForms.iOS", "..\test\SocketLite.XamarinForms\SocketLite.XamarinForms.iOS\SocketLite.XamarinForms.iOS.csproj", "{1E296946-277F-4279-9666-B58B8E6FDC9F}"
EndProject
Project("{9A19103F-16F7-4668-BE54-9A1E7A4F7556}") = "SocketLite.XamarinForms", "..\test\SocketLite.XamarinForms\SocketLite.XamarinForms\SocketLite.XamarinForms.csproj", "{590374D5-5C3E-4A4C-887C-C41479424FA2}"
EndProject
Project("{FAE04EC0-301F-11D3-BF4B-00C04F79EFBC}") = "NetCore21.Test", "..\test\NetCore21.Test\NetCore21.Test.csproj", "{EE76C397-5849-484A-BD9B-550CC2A2A0AC}"
EndProject
Global
	GlobalSection(SolutionConfigurationPlatforms) = preSolution
		Ad-Hoc|Any CPU = Ad-Hoc|Any CPU
		Ad-Hoc|ARM = Ad-Hoc|ARM
		Ad-Hoc|iPhone = Ad-Hoc|iPhone
		Ad-Hoc|iPhoneSimulator = Ad-Hoc|iPhoneSimulator
		Ad-Hoc|x64 = Ad-Hoc|x64
		Ad-Hoc|x86 = Ad-Hoc|x86
		AppStore|Any CPU = AppStore|Any CPU
		AppStore|ARM = AppStore|ARM
		AppStore|iPhone = AppStore|iPhone
		AppStore|iPhoneSimulator = AppStore|iPhoneSimulator
		AppStore|x64 = AppStore|x64
		AppStore|x86 = AppStore|x86
		Debug|Any CPU = Debug|Any CPU
		Debug|ARM = Debug|ARM
		Debug|iPhone = Debug|iPhone
		Debug|iPhoneSimulator = Debug|iPhoneSimulator
		Debug|x64 = Debug|x64
		Debug|x86 = Debug|x86
		Release|Any CPU = Release|Any CPU
		Release|ARM = Release|ARM
		Release|iPhone = Release|iPhone
		Release|iPhoneSimulator = Release|iPhoneSimulator
		Release|x64 = Release|x64
		Release|x86 = Release|x86
	EndGlobalSection
	GlobalSection(ProjectConfigurationPlatforms) = postSolution
		{EE2135A2-6ED8-419D-BA15-8F56CD59831F}.Ad-Hoc|Any CPU.ActiveCfg = Release|Any CPU
		{EE2135A2-6ED8-419D-BA15-8F56CD59831F}.Ad-Hoc|Any CPU.Build.0 = Release|Any CPU
		{EE2135A2-6ED8-419D-BA15-8F56CD59831F}.Ad-Hoc|ARM.ActiveCfg = Release|ARM
		{EE2135A2-6ED8-419D-BA15-8F56CD59831F}.Ad-Hoc|ARM.Build.0 = Release|ARM
		{EE2135A2-6ED8-419D-BA15-8F56CD59831F}.Ad-Hoc|iPhone.ActiveCfg = Release|Any CPU
		{EE2135A2-6ED8-419D-BA15-8F56CD59831F}.Ad-Hoc|iPhone.Build.0 = Release|Any CPU
		{EE2135A2-6ED8-419D-BA15-8F56CD59831F}.Ad-Hoc|iPhoneSimulator.ActiveCfg = Release|Any CPU
		{EE2135A2-6ED8-419D-BA15-8F56CD59831F}.Ad-Hoc|iPhoneSimulator.Build.0 = Release|Any CPU
		{EE2135A2-6ED8-419D-BA15-8F56CD59831F}.Ad-Hoc|x64.ActiveCfg = Release|x64
		{EE2135A2-6ED8-419D-BA15-8F56CD59831F}.Ad-Hoc|x64.Build.0 = Release|x64
		{EE2135A2-6ED8-419D-BA15-8F56CD59831F}.Ad-Hoc|x86.ActiveCfg = Release|x86
		{EE2135A2-6ED8-419D-BA15-8F56CD59831F}.Ad-Hoc|x86.Build.0 = Release|x86
		{EE2135A2-6ED8-419D-BA15-8F56CD59831F}.AppStore|Any CPU.ActiveCfg = Release|Any CPU
		{EE2135A2-6ED8-419D-BA15-8F56CD59831F}.AppStore|Any CPU.Build.0 = Release|Any CPU
		{EE2135A2-6ED8-419D-BA15-8F56CD59831F}.AppStore|ARM.ActiveCfg = Release|ARM
		{EE2135A2-6ED8-419D-BA15-8F56CD59831F}.AppStore|ARM.Build.0 = Release|ARM
		{EE2135A2-6ED8-419D-BA15-8F56CD59831F}.AppStore|iPhone.ActiveCfg = Release|Any CPU
		{EE2135A2-6ED8-419D-BA15-8F56CD59831F}.AppStore|iPhone.Build.0 = Release|Any CPU
		{EE2135A2-6ED8-419D-BA15-8F56CD59831F}.AppStore|iPhoneSimulator.ActiveCfg = Release|Any CPU
		{EE2135A2-6ED8-419D-BA15-8F56CD59831F}.AppStore|iPhoneSimulator.Build.0 = Release|Any CPU
		{EE2135A2-6ED8-419D-BA15-8F56CD59831F}.AppStore|x64.ActiveCfg = Release|x64
		{EE2135A2-6ED8-419D-BA15-8F56CD59831F}.AppStore|x64.Build.0 = Release|x64
		{EE2135A2-6ED8-419D-BA15-8F56CD59831F}.AppStore|x86.ActiveCfg = Release|x86
		{EE2135A2-6ED8-419D-BA15-8F56CD59831F}.AppStore|x86.Build.0 = Release|x86
		{EE2135A2-6ED8-419D-BA15-8F56CD59831F}.Debug|Any CPU.ActiveCfg = Debug|Any CPU
		{EE2135A2-6ED8-419D-BA15-8F56CD59831F}.Debug|Any CPU.Build.0 = Debug|Any CPU
		{EE2135A2-6ED8-419D-BA15-8F56CD59831F}.Debug|ARM.ActiveCfg = Debug|ARM
		{EE2135A2-6ED8-419D-BA15-8F56CD59831F}.Debug|ARM.Build.0 = Debug|ARM
		{EE2135A2-6ED8-419D-BA15-8F56CD59831F}.Debug|iPhone.ActiveCfg = Debug|Any CPU
		{EE2135A2-6ED8-419D-BA15-8F56CD59831F}.Debug|iPhone.Build.0 = Debug|Any CPU
		{EE2135A2-6ED8-419D-BA15-8F56CD59831F}.Debug|iPhoneSimulator.ActiveCfg = Debug|Any CPU
		{EE2135A2-6ED8-419D-BA15-8F56CD59831F}.Debug|iPhoneSimulator.Build.0 = Debug|Any CPU
		{EE2135A2-6ED8-419D-BA15-8F56CD59831F}.Debug|x64.ActiveCfg = Debug|x64
		{EE2135A2-6ED8-419D-BA15-8F56CD59831F}.Debug|x64.Build.0 = Debug|x64
		{EE2135A2-6ED8-419D-BA15-8F56CD59831F}.Debug|x86.ActiveCfg = Debug|x86
		{EE2135A2-6ED8-419D-BA15-8F56CD59831F}.Debug|x86.Build.0 = Debug|x86
		{EE2135A2-6ED8-419D-BA15-8F56CD59831F}.Release|Any CPU.ActiveCfg = Release|Any CPU
		{EE2135A2-6ED8-419D-BA15-8F56CD59831F}.Release|Any CPU.Build.0 = Release|Any CPU
		{EE2135A2-6ED8-419D-BA15-8F56CD59831F}.Release|ARM.ActiveCfg = Release|ARM
		{EE2135A2-6ED8-419D-BA15-8F56CD59831F}.Release|ARM.Build.0 = Release|ARM
		{EE2135A2-6ED8-419D-BA15-8F56CD59831F}.Release|iPhone.ActiveCfg = Release|Any CPU
		{EE2135A2-6ED8-419D-BA15-8F56CD59831F}.Release|iPhone.Build.0 = Release|Any CPU
		{EE2135A2-6ED8-419D-BA15-8F56CD59831F}.Release|iPhoneSimulator.ActiveCfg = Release|Any CPU
		{EE2135A2-6ED8-419D-BA15-8F56CD59831F}.Release|iPhoneSimulator.Build.0 = Release|Any CPU
		{EE2135A2-6ED8-419D-BA15-8F56CD59831F}.Release|x64.ActiveCfg = Release|x64
		{EE2135A2-6ED8-419D-BA15-8F56CD59831F}.Release|x64.Build.0 = Release|x64
		{EE2135A2-6ED8-419D-BA15-8F56CD59831F}.Release|x86.ActiveCfg = Release|x86
		{EE2135A2-6ED8-419D-BA15-8F56CD59831F}.Release|x86.Build.0 = Release|x86
		{5FCD1BCB-CE36-407E-965F-9B10B21A66C2}.Ad-Hoc|Any CPU.ActiveCfg = Release|Any CPU
		{5FCD1BCB-CE36-407E-965F-9B10B21A66C2}.Ad-Hoc|Any CPU.Build.0 = Release|Any CPU
		{5FCD1BCB-CE36-407E-965F-9B10B21A66C2}.Ad-Hoc|ARM.ActiveCfg = Release|Any CPU
		{5FCD1BCB-CE36-407E-965F-9B10B21A66C2}.Ad-Hoc|ARM.Build.0 = Release|Any CPU
		{5FCD1BCB-CE36-407E-965F-9B10B21A66C2}.Ad-Hoc|iPhone.ActiveCfg = Release|Any CPU
		{5FCD1BCB-CE36-407E-965F-9B10B21A66C2}.Ad-Hoc|iPhone.Build.0 = Release|Any CPU
		{5FCD1BCB-CE36-407E-965F-9B10B21A66C2}.Ad-Hoc|iPhoneSimulator.ActiveCfg = Release|Any CPU
		{5FCD1BCB-CE36-407E-965F-9B10B21A66C2}.Ad-Hoc|iPhoneSimulator.Build.0 = Release|Any CPU
		{5FCD1BCB-CE36-407E-965F-9B10B21A66C2}.Ad-Hoc|x64.ActiveCfg = Release|Any CPU
		{5FCD1BCB-CE36-407E-965F-9B10B21A66C2}.Ad-Hoc|x64.Build.0 = Release|Any CPU
		{5FCD1BCB-CE36-407E-965F-9B10B21A66C2}.Ad-Hoc|x86.ActiveCfg = Release|Any CPU
		{5FCD1BCB-CE36-407E-965F-9B10B21A66C2}.Ad-Hoc|x86.Build.0 = Release|Any CPU
		{5FCD1BCB-CE36-407E-965F-9B10B21A66C2}.AppStore|Any CPU.ActiveCfg = Release|Any CPU
		{5FCD1BCB-CE36-407E-965F-9B10B21A66C2}.AppStore|Any CPU.Build.0 = Release|Any CPU
		{5FCD1BCB-CE36-407E-965F-9B10B21A66C2}.AppStore|ARM.ActiveCfg = Release|Any CPU
		{5FCD1BCB-CE36-407E-965F-9B10B21A66C2}.AppStore|ARM.Build.0 = Release|Any CPU
		{5FCD1BCB-CE36-407E-965F-9B10B21A66C2}.AppStore|iPhone.ActiveCfg = Release|Any CPU
		{5FCD1BCB-CE36-407E-965F-9B10B21A66C2}.AppStore|iPhone.Build.0 = Release|Any CPU
		{5FCD1BCB-CE36-407E-965F-9B10B21A66C2}.AppStore|iPhoneSimulator.ActiveCfg = Release|Any CPU
		{5FCD1BCB-CE36-407E-965F-9B10B21A66C2}.AppStore|iPhoneSimulator.Build.0 = Release|Any CPU
		{5FCD1BCB-CE36-407E-965F-9B10B21A66C2}.AppStore|x64.ActiveCfg = Release|Any CPU
		{5FCD1BCB-CE36-407E-965F-9B10B21A66C2}.AppStore|x64.Build.0 = Release|Any CPU
		{5FCD1BCB-CE36-407E-965F-9B10B21A66C2}.AppStore|x86.ActiveCfg = Release|Any CPU
		{5FCD1BCB-CE36-407E-965F-9B10B21A66C2}.AppStore|x86.Build.0 = Release|Any CPU
		{5FCD1BCB-CE36-407E-965F-9B10B21A66C2}.Debug|Any CPU.ActiveCfg = Debug|Any CPU
		{5FCD1BCB-CE36-407E-965F-9B10B21A66C2}.Debug|Any CPU.Build.0 = Debug|Any CPU
		{5FCD1BCB-CE36-407E-965F-9B10B21A66C2}.Debug|ARM.ActiveCfg = Debug|Any CPU
		{5FCD1BCB-CE36-407E-965F-9B10B21A66C2}.Debug|ARM.Build.0 = Debug|Any CPU
		{5FCD1BCB-CE36-407E-965F-9B10B21A66C2}.Debug|iPhone.ActiveCfg = Debug|Any CPU
		{5FCD1BCB-CE36-407E-965F-9B10B21A66C2}.Debug|iPhone.Build.0 = Debug|Any CPU
		{5FCD1BCB-CE36-407E-965F-9B10B21A66C2}.Debug|iPhoneSimulator.ActiveCfg = Debug|Any CPU
		{5FCD1BCB-CE36-407E-965F-9B10B21A66C2}.Debug|iPhoneSimulator.Build.0 = Debug|Any CPU
		{5FCD1BCB-CE36-407E-965F-9B10B21A66C2}.Debug|x64.ActiveCfg = Debug|Any CPU
		{5FCD1BCB-CE36-407E-965F-9B10B21A66C2}.Debug|x64.Build.0 = Debug|Any CPU
		{5FCD1BCB-CE36-407E-965F-9B10B21A66C2}.Debug|x86.ActiveCfg = Debug|Any CPU
		{5FCD1BCB-CE36-407E-965F-9B10B21A66C2}.Debug|x86.Build.0 = Debug|Any CPU
		{5FCD1BCB-CE36-407E-965F-9B10B21A66C2}.Release|Any CPU.ActiveCfg = Release|Any CPU
		{5FCD1BCB-CE36-407E-965F-9B10B21A66C2}.Release|Any CPU.Build.0 = Release|Any CPU
		{5FCD1BCB-CE36-407E-965F-9B10B21A66C2}.Release|ARM.ActiveCfg = Release|Any CPU
		{5FCD1BCB-CE36-407E-965F-9B10B21A66C2}.Release|ARM.Build.0 = Release|Any CPU
		{5FCD1BCB-CE36-407E-965F-9B10B21A66C2}.Release|iPhone.ActiveCfg = Release|Any CPU
		{5FCD1BCB-CE36-407E-965F-9B10B21A66C2}.Release|iPhone.Build.0 = Release|Any CPU
		{5FCD1BCB-CE36-407E-965F-9B10B21A66C2}.Release|iPhoneSimulator.ActiveCfg = Release|Any CPU
		{5FCD1BCB-CE36-407E-965F-9B10B21A66C2}.Release|iPhoneSimulator.Build.0 = Release|Any CPU
		{5FCD1BCB-CE36-407E-965F-9B10B21A66C2}.Release|x64.ActiveCfg = Release|Any CPU
		{5FCD1BCB-CE36-407E-965F-9B10B21A66C2}.Release|x64.Build.0 = Release|Any CPU
		{5FCD1BCB-CE36-407E-965F-9B10B21A66C2}.Release|x86.ActiveCfg = Release|Any CPU
		{5FCD1BCB-CE36-407E-965F-9B10B21A66C2}.Release|x86.Build.0 = Release|Any CPU
		{E487F13D-FCE2-4E8E-A183-A89CA61AA78F}.Ad-Hoc|Any CPU.ActiveCfg = Release|Any CPU
		{E487F13D-FCE2-4E8E-A183-A89CA61AA78F}.Ad-Hoc|Any CPU.Build.0 = Release|Any CPU
		{E487F13D-FCE2-4E8E-A183-A89CA61AA78F}.Ad-Hoc|ARM.ActiveCfg = Release|Any CPU
		{E487F13D-FCE2-4E8E-A183-A89CA61AA78F}.Ad-Hoc|ARM.Build.0 = Release|Any CPU
		{E487F13D-FCE2-4E8E-A183-A89CA61AA78F}.Ad-Hoc|iPhone.ActiveCfg = Release|Any CPU
		{E487F13D-FCE2-4E8E-A183-A89CA61AA78F}.Ad-Hoc|iPhone.Build.0 = Release|Any CPU
		{E487F13D-FCE2-4E8E-A183-A89CA61AA78F}.Ad-Hoc|iPhoneSimulator.ActiveCfg = Release|Any CPU
		{E487F13D-FCE2-4E8E-A183-A89CA61AA78F}.Ad-Hoc|iPhoneSimulator.Build.0 = Release|Any CPU
		{E487F13D-FCE2-4E8E-A183-A89CA61AA78F}.Ad-Hoc|x64.ActiveCfg = Release|Any CPU
		{E487F13D-FCE2-4E8E-A183-A89CA61AA78F}.Ad-Hoc|x64.Build.0 = Release|Any CPU
		{E487F13D-FCE2-4E8E-A183-A89CA61AA78F}.Ad-Hoc|x86.ActiveCfg = Release|Any CPU
		{E487F13D-FCE2-4E8E-A183-A89CA61AA78F}.Ad-Hoc|x86.Build.0 = Release|Any CPU
		{E487F13D-FCE2-4E8E-A183-A89CA61AA78F}.AppStore|Any CPU.ActiveCfg = Release|Any CPU
		{E487F13D-FCE2-4E8E-A183-A89CA61AA78F}.AppStore|Any CPU.Build.0 = Release|Any CPU
		{E487F13D-FCE2-4E8E-A183-A89CA61AA78F}.AppStore|ARM.ActiveCfg = Release|Any CPU
		{E487F13D-FCE2-4E8E-A183-A89CA61AA78F}.AppStore|ARM.Build.0 = Release|Any CPU
		{E487F13D-FCE2-4E8E-A183-A89CA61AA78F}.AppStore|iPhone.ActiveCfg = Release|Any CPU
		{E487F13D-FCE2-4E8E-A183-A89CA61AA78F}.AppStore|iPhone.Build.0 = Release|Any CPU
		{E487F13D-FCE2-4E8E-A183-A89CA61AA78F}.AppStore|iPhoneSimulator.ActiveCfg = Release|Any CPU
		{E487F13D-FCE2-4E8E-A183-A89CA61AA78F}.AppStore|iPhoneSimulator.Build.0 = Release|Any CPU
		{E487F13D-FCE2-4E8E-A183-A89CA61AA78F}.AppStore|x64.ActiveCfg = Release|Any CPU
		{E487F13D-FCE2-4E8E-A183-A89CA61AA78F}.AppStore|x64.Build.0 = Release|Any CPU
		{E487F13D-FCE2-4E8E-A183-A89CA61AA78F}.AppStore|x86.ActiveCfg = Release|Any CPU
		{E487F13D-FCE2-4E8E-A183-A89CA61AA78F}.AppStore|x86.Build.0 = Release|Any CPU
		{E487F13D-FCE2-4E8E-A183-A89CA61AA78F}.Debug|Any CPU.ActiveCfg = Debug|Any CPU
		{E487F13D-FCE2-4E8E-A183-A89CA61AA78F}.Debug|Any CPU.Build.0 = Debug|Any CPU
		{E487F13D-FCE2-4E8E-A183-A89CA61AA78F}.Debug|ARM.ActiveCfg = Debug|Any CPU
		{E487F13D-FCE2-4E8E-A183-A89CA61AA78F}.Debug|ARM.Build.0 = Debug|Any CPU
		{E487F13D-FCE2-4E8E-A183-A89CA61AA78F}.Debug|iPhone.ActiveCfg = Debug|Any CPU
		{E487F13D-FCE2-4E8E-A183-A89CA61AA78F}.Debug|iPhone.Build.0 = Debug|Any CPU
		{E487F13D-FCE2-4E8E-A183-A89CA61AA78F}.Debug|iPhoneSimulator.ActiveCfg = Debug|Any CPU
		{E487F13D-FCE2-4E8E-A183-A89CA61AA78F}.Debug|iPhoneSimulator.Build.0 = Debug|Any CPU
		{E487F13D-FCE2-4E8E-A183-A89CA61AA78F}.Debug|x64.ActiveCfg = Debug|Any CPU
		{E487F13D-FCE2-4E8E-A183-A89CA61AA78F}.Debug|x64.Build.0 = Debug|Any CPU
		{E487F13D-FCE2-4E8E-A183-A89CA61AA78F}.Debug|x86.ActiveCfg = Debug|Any CPU
		{E487F13D-FCE2-4E8E-A183-A89CA61AA78F}.Debug|x86.Build.0 = Debug|Any CPU
		{E487F13D-FCE2-4E8E-A183-A89CA61AA78F}.Release|Any CPU.ActiveCfg = Release|Any CPU
		{E487F13D-FCE2-4E8E-A183-A89CA61AA78F}.Release|Any CPU.Build.0 = Release|Any CPU
		{E487F13D-FCE2-4E8E-A183-A89CA61AA78F}.Release|ARM.ActiveCfg = Release|Any CPU
		{E487F13D-FCE2-4E8E-A183-A89CA61AA78F}.Release|ARM.Build.0 = Release|Any CPU
		{E487F13D-FCE2-4E8E-A183-A89CA61AA78F}.Release|iPhone.ActiveCfg = Release|Any CPU
		{E487F13D-FCE2-4E8E-A183-A89CA61AA78F}.Release|iPhone.Build.0 = Release|Any CPU
		{E487F13D-FCE2-4E8E-A183-A89CA61AA78F}.Release|iPhoneSimulator.ActiveCfg = Release|Any CPU
		{E487F13D-FCE2-4E8E-A183-A89CA61AA78F}.Release|iPhoneSimulator.Build.0 = Release|Any CPU
		{E487F13D-FCE2-4E8E-A183-A89CA61AA78F}.Release|x64.ActiveCfg = Release|Any CPU
		{E487F13D-FCE2-4E8E-A183-A89CA61AA78F}.Release|x64.Build.0 = Release|Any CPU
		{E487F13D-FCE2-4E8E-A183-A89CA61AA78F}.Release|x86.ActiveCfg = Release|Any CPU
		{E487F13D-FCE2-4E8E-A183-A89CA61AA78F}.Release|x86.Build.0 = Release|Any CPU
		{CDE9AD85-1FDF-4213-B580-7C297EC81205}.Ad-Hoc|Any CPU.ActiveCfg = Release|Any CPU
		{CDE9AD85-1FDF-4213-B580-7C297EC81205}.Ad-Hoc|Any CPU.Build.0 = Release|Any CPU
		{CDE9AD85-1FDF-4213-B580-7C297EC81205}.Ad-Hoc|ARM.ActiveCfg = Release|Any CPU
		{CDE9AD85-1FDF-4213-B580-7C297EC81205}.Ad-Hoc|ARM.Build.0 = Release|Any CPU
		{CDE9AD85-1FDF-4213-B580-7C297EC81205}.Ad-Hoc|iPhone.ActiveCfg = Release|Any CPU
		{CDE9AD85-1FDF-4213-B580-7C297EC81205}.Ad-Hoc|iPhone.Build.0 = Release|Any CPU
		{CDE9AD85-1FDF-4213-B580-7C297EC81205}.Ad-Hoc|iPhoneSimulator.ActiveCfg = Release|Any CPU
		{CDE9AD85-1FDF-4213-B580-7C297EC81205}.Ad-Hoc|iPhoneSimulator.Build.0 = Release|Any CPU
		{CDE9AD85-1FDF-4213-B580-7C297EC81205}.Ad-Hoc|x64.ActiveCfg = Release|Any CPU
		{CDE9AD85-1FDF-4213-B580-7C297EC81205}.Ad-Hoc|x64.Build.0 = Release|Any CPU
		{CDE9AD85-1FDF-4213-B580-7C297EC81205}.Ad-Hoc|x86.ActiveCfg = Release|Any CPU
		{CDE9AD85-1FDF-4213-B580-7C297EC81205}.Ad-Hoc|x86.Build.0 = Release|Any CPU
		{CDE9AD85-1FDF-4213-B580-7C297EC81205}.AppStore|Any CPU.ActiveCfg = Release|Any CPU
		{CDE9AD85-1FDF-4213-B580-7C297EC81205}.AppStore|Any CPU.Build.0 = Release|Any CPU
		{CDE9AD85-1FDF-4213-B580-7C297EC81205}.AppStore|ARM.ActiveCfg = Release|Any CPU
		{CDE9AD85-1FDF-4213-B580-7C297EC81205}.AppStore|ARM.Build.0 = Release|Any CPU
		{CDE9AD85-1FDF-4213-B580-7C297EC81205}.AppStore|iPhone.ActiveCfg = Release|Any CPU
		{CDE9AD85-1FDF-4213-B580-7C297EC81205}.AppStore|iPhone.Build.0 = Release|Any CPU
		{CDE9AD85-1FDF-4213-B580-7C297EC81205}.AppStore|iPhoneSimulator.ActiveCfg = Release|Any CPU
		{CDE9AD85-1FDF-4213-B580-7C297EC81205}.AppStore|iPhoneSimulator.Build.0 = Release|Any CPU
		{CDE9AD85-1FDF-4213-B580-7C297EC81205}.AppStore|x64.ActiveCfg = Release|Any CPU
		{CDE9AD85-1FDF-4213-B580-7C297EC81205}.AppStore|x64.Build.0 = Release|Any CPU
		{CDE9AD85-1FDF-4213-B580-7C297EC81205}.AppStore|x86.ActiveCfg = Release|Any CPU
		{CDE9AD85-1FDF-4213-B580-7C297EC81205}.AppStore|x86.Build.0 = Release|Any CPU
		{CDE9AD85-1FDF-4213-B580-7C297EC81205}.Debug|Any CPU.ActiveCfg = Debug|Any CPU
		{CDE9AD85-1FDF-4213-B580-7C297EC81205}.Debug|Any CPU.Build.0 = Debug|Any CPU
		{CDE9AD85-1FDF-4213-B580-7C297EC81205}.Debug|ARM.ActiveCfg = Debug|Any CPU
		{CDE9AD85-1FDF-4213-B580-7C297EC81205}.Debug|ARM.Build.0 = Debug|Any CPU
		{CDE9AD85-1FDF-4213-B580-7C297EC81205}.Debug|iPhone.ActiveCfg = Debug|Any CPU
		{CDE9AD85-1FDF-4213-B580-7C297EC81205}.Debug|iPhone.Build.0 = Debug|Any CPU
		{CDE9AD85-1FDF-4213-B580-7C297EC81205}.Debug|iPhoneSimulator.ActiveCfg = Debug|Any CPU
		{CDE9AD85-1FDF-4213-B580-7C297EC81205}.Debug|iPhoneSimulator.Build.0 = Debug|Any CPU
		{CDE9AD85-1FDF-4213-B580-7C297EC81205}.Debug|x64.ActiveCfg = Debug|Any CPU
		{CDE9AD85-1FDF-4213-B580-7C297EC81205}.Debug|x64.Build.0 = Debug|Any CPU
		{CDE9AD85-1FDF-4213-B580-7C297EC81205}.Debug|x86.ActiveCfg = Debug|Any CPU
		{CDE9AD85-1FDF-4213-B580-7C297EC81205}.Debug|x86.Build.0 = Debug|Any CPU
		{CDE9AD85-1FDF-4213-B580-7C297EC81205}.Release|Any CPU.ActiveCfg = Release|Any CPU
		{CDE9AD85-1FDF-4213-B580-7C297EC81205}.Release|Any CPU.Build.0 = Release|Any CPU
		{CDE9AD85-1FDF-4213-B580-7C297EC81205}.Release|ARM.ActiveCfg = Release|Any CPU
		{CDE9AD85-1FDF-4213-B580-7C297EC81205}.Release|ARM.Build.0 = Release|Any CPU
		{CDE9AD85-1FDF-4213-B580-7C297EC81205}.Release|iPhone.ActiveCfg = Release|Any CPU
		{CDE9AD85-1FDF-4213-B580-7C297EC81205}.Release|iPhone.Build.0 = Release|Any CPU
		{CDE9AD85-1FDF-4213-B580-7C297EC81205}.Release|iPhoneSimulator.ActiveCfg = Release|Any CPU
		{CDE9AD85-1FDF-4213-B580-7C297EC81205}.Release|iPhoneSimulator.Build.0 = Release|Any CPU
		{CDE9AD85-1FDF-4213-B580-7C297EC81205}.Release|x64.ActiveCfg = Release|Any CPU
		{CDE9AD85-1FDF-4213-B580-7C297EC81205}.Release|x64.Build.0 = Release|Any CPU
		{CDE9AD85-1FDF-4213-B580-7C297EC81205}.Release|x86.ActiveCfg = Release|Any CPU
		{CDE9AD85-1FDF-4213-B580-7C297EC81205}.Release|x86.Build.0 = Release|Any CPU
		{0C3ED220-9B7A-4F4E-A18B-7D23D87C3297}.Ad-Hoc|Any CPU.ActiveCfg = Release|Any CPU
		{0C3ED220-9B7A-4F4E-A18B-7D23D87C3297}.Ad-Hoc|Any CPU.Build.0 = Release|Any CPU
		{0C3ED220-9B7A-4F4E-A18B-7D23D87C3297}.Ad-Hoc|ARM.ActiveCfg = Release|Any CPU
		{0C3ED220-9B7A-4F4E-A18B-7D23D87C3297}.Ad-Hoc|ARM.Build.0 = Release|Any CPU
		{0C3ED220-9B7A-4F4E-A18B-7D23D87C3297}.Ad-Hoc|iPhone.ActiveCfg = Release|Any CPU
		{0C3ED220-9B7A-4F4E-A18B-7D23D87C3297}.Ad-Hoc|iPhone.Build.0 = Release|Any CPU
		{0C3ED220-9B7A-4F4E-A18B-7D23D87C3297}.Ad-Hoc|iPhoneSimulator.ActiveCfg = Release|Any CPU
		{0C3ED220-9B7A-4F4E-A18B-7D23D87C3297}.Ad-Hoc|iPhoneSimulator.Build.0 = Release|Any CPU
		{0C3ED220-9B7A-4F4E-A18B-7D23D87C3297}.Ad-Hoc|x64.ActiveCfg = Release|Any CPU
		{0C3ED220-9B7A-4F4E-A18B-7D23D87C3297}.Ad-Hoc|x64.Build.0 = Release|Any CPU
		{0C3ED220-9B7A-4F4E-A18B-7D23D87C3297}.Ad-Hoc|x86.ActiveCfg = Release|Any CPU
		{0C3ED220-9B7A-4F4E-A18B-7D23D87C3297}.Ad-Hoc|x86.Build.0 = Release|Any CPU
		{0C3ED220-9B7A-4F4E-A18B-7D23D87C3297}.AppStore|Any CPU.ActiveCfg = Release|Any CPU
		{0C3ED220-9B7A-4F4E-A18B-7D23D87C3297}.AppStore|Any CPU.Build.0 = Release|Any CPU
		{0C3ED220-9B7A-4F4E-A18B-7D23D87C3297}.AppStore|ARM.ActiveCfg = Release|Any CPU
		{0C3ED220-9B7A-4F4E-A18B-7D23D87C3297}.AppStore|ARM.Build.0 = Release|Any CPU
		{0C3ED220-9B7A-4F4E-A18B-7D23D87C3297}.AppStore|iPhone.ActiveCfg = Release|Any CPU
		{0C3ED220-9B7A-4F4E-A18B-7D23D87C3297}.AppStore|iPhone.Build.0 = Release|Any CPU
		{0C3ED220-9B7A-4F4E-A18B-7D23D87C3297}.AppStore|iPhoneSimulator.ActiveCfg = Release|Any CPU
		{0C3ED220-9B7A-4F4E-A18B-7D23D87C3297}.AppStore|iPhoneSimulator.Build.0 = Release|Any CPU
		{0C3ED220-9B7A-4F4E-A18B-7D23D87C3297}.AppStore|x64.ActiveCfg = Release|Any CPU
		{0C3ED220-9B7A-4F4E-A18B-7D23D87C3297}.AppStore|x64.Build.0 = Release|Any CPU
		{0C3ED220-9B7A-4F4E-A18B-7D23D87C3297}.AppStore|x86.ActiveCfg = Release|Any CPU
		{0C3ED220-9B7A-4F4E-A18B-7D23D87C3297}.AppStore|x86.Build.0 = Release|Any CPU
		{0C3ED220-9B7A-4F4E-A18B-7D23D87C3297}.Debug|Any CPU.ActiveCfg = Debug|Any CPU
		{0C3ED220-9B7A-4F4E-A18B-7D23D87C3297}.Debug|Any CPU.Build.0 = Debug|Any CPU
		{0C3ED220-9B7A-4F4E-A18B-7D23D87C3297}.Debug|ARM.ActiveCfg = Debug|Any CPU
		{0C3ED220-9B7A-4F4E-A18B-7D23D87C3297}.Debug|ARM.Build.0 = Debug|Any CPU
		{0C3ED220-9B7A-4F4E-A18B-7D23D87C3297}.Debug|iPhone.ActiveCfg = Debug|Any CPU
		{0C3ED220-9B7A-4F4E-A18B-7D23D87C3297}.Debug|iPhone.Build.0 = Debug|Any CPU
		{0C3ED220-9B7A-4F4E-A18B-7D23D87C3297}.Debug|iPhoneSimulator.ActiveCfg = Debug|Any CPU
		{0C3ED220-9B7A-4F4E-A18B-7D23D87C3297}.Debug|iPhoneSimulator.Build.0 = Debug|Any CPU
		{0C3ED220-9B7A-4F4E-A18B-7D23D87C3297}.Debug|x64.ActiveCfg = Debug|Any CPU
		{0C3ED220-9B7A-4F4E-A18B-7D23D87C3297}.Debug|x64.Build.0 = Debug|Any CPU
		{0C3ED220-9B7A-4F4E-A18B-7D23D87C3297}.Debug|x86.ActiveCfg = Debug|Any CPU
		{0C3ED220-9B7A-4F4E-A18B-7D23D87C3297}.Debug|x86.Build.0 = Debug|Any CPU
		{0C3ED220-9B7A-4F4E-A18B-7D23D87C3297}.Release|Any CPU.ActiveCfg = Release|Any CPU
		{0C3ED220-9B7A-4F4E-A18B-7D23D87C3297}.Release|Any CPU.Build.0 = Release|Any CPU
		{0C3ED220-9B7A-4F4E-A18B-7D23D87C3297}.Release|ARM.ActiveCfg = Release|Any CPU
		{0C3ED220-9B7A-4F4E-A18B-7D23D87C3297}.Release|ARM.Build.0 = Release|Any CPU
		{0C3ED220-9B7A-4F4E-A18B-7D23D87C3297}.Release|iPhone.ActiveCfg = Release|Any CPU
		{0C3ED220-9B7A-4F4E-A18B-7D23D87C3297}.Release|iPhone.Build.0 = Release|Any CPU
		{0C3ED220-9B7A-4F4E-A18B-7D23D87C3297}.Release|iPhoneSimulator.ActiveCfg = Release|Any CPU
		{0C3ED220-9B7A-4F4E-A18B-7D23D87C3297}.Release|iPhoneSimulator.Build.0 = Release|Any CPU
		{0C3ED220-9B7A-4F4E-A18B-7D23D87C3297}.Release|x64.ActiveCfg = Release|Any CPU
		{0C3ED220-9B7A-4F4E-A18B-7D23D87C3297}.Release|x64.Build.0 = Release|Any CPU
		{0C3ED220-9B7A-4F4E-A18B-7D23D87C3297}.Release|x86.ActiveCfg = Release|Any CPU
		{0C3ED220-9B7A-4F4E-A18B-7D23D87C3297}.Release|x86.Build.0 = Release|Any CPU
		{2EB1C36A-FA63-4EAB-ACCB-7E13BF65C378}.Ad-Hoc|Any CPU.ActiveCfg = Release|Any CPU
		{2EB1C36A-FA63-4EAB-ACCB-7E13BF65C378}.Ad-Hoc|Any CPU.Build.0 = Release|Any CPU
		{2EB1C36A-FA63-4EAB-ACCB-7E13BF65C378}.Ad-Hoc|ARM.ActiveCfg = Release|Any CPU
		{2EB1C36A-FA63-4EAB-ACCB-7E13BF65C378}.Ad-Hoc|ARM.Build.0 = Release|Any CPU
		{2EB1C36A-FA63-4EAB-ACCB-7E13BF65C378}.Ad-Hoc|iPhone.ActiveCfg = Release|Any CPU
		{2EB1C36A-FA63-4EAB-ACCB-7E13BF65C378}.Ad-Hoc|iPhone.Build.0 = Release|Any CPU
		{2EB1C36A-FA63-4EAB-ACCB-7E13BF65C378}.Ad-Hoc|iPhoneSimulator.ActiveCfg = Release|Any CPU
		{2EB1C36A-FA63-4EAB-ACCB-7E13BF65C378}.Ad-Hoc|iPhoneSimulator.Build.0 = Release|Any CPU
		{2EB1C36A-FA63-4EAB-ACCB-7E13BF65C378}.Ad-Hoc|x64.ActiveCfg = Release|Any CPU
		{2EB1C36A-FA63-4EAB-ACCB-7E13BF65C378}.Ad-Hoc|x64.Build.0 = Release|Any CPU
		{2EB1C36A-FA63-4EAB-ACCB-7E13BF65C378}.Ad-Hoc|x86.ActiveCfg = Release|Any CPU
		{2EB1C36A-FA63-4EAB-ACCB-7E13BF65C378}.Ad-Hoc|x86.Build.0 = Release|Any CPU
		{2EB1C36A-FA63-4EAB-ACCB-7E13BF65C378}.AppStore|Any CPU.ActiveCfg = Release|Any CPU
		{2EB1C36A-FA63-4EAB-ACCB-7E13BF65C378}.AppStore|Any CPU.Build.0 = Release|Any CPU
		{2EB1C36A-FA63-4EAB-ACCB-7E13BF65C378}.AppStore|ARM.ActiveCfg = Release|Any CPU
		{2EB1C36A-FA63-4EAB-ACCB-7E13BF65C378}.AppStore|ARM.Build.0 = Release|Any CPU
		{2EB1C36A-FA63-4EAB-ACCB-7E13BF65C378}.AppStore|iPhone.ActiveCfg = Release|Any CPU
		{2EB1C36A-FA63-4EAB-ACCB-7E13BF65C378}.AppStore|iPhone.Build.0 = Release|Any CPU
		{2EB1C36A-FA63-4EAB-ACCB-7E13BF65C378}.AppStore|iPhoneSimulator.ActiveCfg = Release|Any CPU
		{2EB1C36A-FA63-4EAB-ACCB-7E13BF65C378}.AppStore|iPhoneSimulator.Build.0 = Release|Any CPU
		{2EB1C36A-FA63-4EAB-ACCB-7E13BF65C378}.AppStore|x64.ActiveCfg = Release|Any CPU
		{2EB1C36A-FA63-4EAB-ACCB-7E13BF65C378}.AppStore|x64.Build.0 = Release|Any CPU
		{2EB1C36A-FA63-4EAB-ACCB-7E13BF65C378}.AppStore|x86.ActiveCfg = Release|Any CPU
		{2EB1C36A-FA63-4EAB-ACCB-7E13BF65C378}.AppStore|x86.Build.0 = Release|Any CPU
		{2EB1C36A-FA63-4EAB-ACCB-7E13BF65C378}.Debug|Any CPU.ActiveCfg = Debug|Any CPU
		{2EB1C36A-FA63-4EAB-ACCB-7E13BF65C378}.Debug|Any CPU.Build.0 = Debug|Any CPU
		{2EB1C36A-FA63-4EAB-ACCB-7E13BF65C378}.Debug|ARM.ActiveCfg = Debug|Any CPU
		{2EB1C36A-FA63-4EAB-ACCB-7E13BF65C378}.Debug|ARM.Build.0 = Debug|Any CPU
		{2EB1C36A-FA63-4EAB-ACCB-7E13BF65C378}.Debug|iPhone.ActiveCfg = Debug|Any CPU
		{2EB1C36A-FA63-4EAB-ACCB-7E13BF65C378}.Debug|iPhone.Build.0 = Debug|Any CPU
		{2EB1C36A-FA63-4EAB-ACCB-7E13BF65C378}.Debug|iPhoneSimulator.ActiveCfg = Debug|Any CPU
		{2EB1C36A-FA63-4EAB-ACCB-7E13BF65C378}.Debug|iPhoneSimulator.Build.0 = Debug|Any CPU
		{2EB1C36A-FA63-4EAB-ACCB-7E13BF65C378}.Debug|x64.ActiveCfg = Debug|Any CPU
		{2EB1C36A-FA63-4EAB-ACCB-7E13BF65C378}.Debug|x64.Build.0 = Debug|Any CPU
		{2EB1C36A-FA63-4EAB-ACCB-7E13BF65C378}.Debug|x86.ActiveCfg = Debug|Any CPU
		{2EB1C36A-FA63-4EAB-ACCB-7E13BF65C378}.Debug|x86.Build.0 = Debug|Any CPU
		{2EB1C36A-FA63-4EAB-ACCB-7E13BF65C378}.Release|Any CPU.ActiveCfg = Release|Any CPU
		{2EB1C36A-FA63-4EAB-ACCB-7E13BF65C378}.Release|Any CPU.Build.0 = Release|Any CPU
		{2EB1C36A-FA63-4EAB-ACCB-7E13BF65C378}.Release|ARM.ActiveCfg = Release|Any CPU
		{2EB1C36A-FA63-4EAB-ACCB-7E13BF65C378}.Release|ARM.Build.0 = Release|Any CPU
		{2EB1C36A-FA63-4EAB-ACCB-7E13BF65C378}.Release|iPhone.ActiveCfg = Release|Any CPU
		{2EB1C36A-FA63-4EAB-ACCB-7E13BF65C378}.Release|iPhone.Build.0 = Release|Any CPU
		{2EB1C36A-FA63-4EAB-ACCB-7E13BF65C378}.Release|iPhoneSimulator.ActiveCfg = Release|Any CPU
		{2EB1C36A-FA63-4EAB-ACCB-7E13BF65C378}.Release|iPhoneSimulator.Build.0 = Release|Any CPU
		{2EB1C36A-FA63-4EAB-ACCB-7E13BF65C378}.Release|x64.ActiveCfg = Release|Any CPU
		{2EB1C36A-FA63-4EAB-ACCB-7E13BF65C378}.Release|x64.Build.0 = Release|Any CPU
		{2EB1C36A-FA63-4EAB-ACCB-7E13BF65C378}.Release|x86.ActiveCfg = Release|Any CPU
		{2EB1C36A-FA63-4EAB-ACCB-7E13BF65C378}.Release|x86.Build.0 = Release|Any CPU
		{6E8EFA83-8443-43C3-9161-A04AD249222C}.Ad-Hoc|Any CPU.ActiveCfg = Release|Any CPU
		{6E8EFA83-8443-43C3-9161-A04AD249222C}.Ad-Hoc|ARM.ActiveCfg = Release|Any CPU
		{6E8EFA83-8443-43C3-9161-A04AD249222C}.Ad-Hoc|iPhone.ActiveCfg = Release|Any CPU
		{6E8EFA83-8443-43C3-9161-A04AD249222C}.Ad-Hoc|iPhoneSimulator.ActiveCfg = Release|Any CPU
		{6E8EFA83-8443-43C3-9161-A04AD249222C}.Ad-Hoc|x64.ActiveCfg = Release|Any CPU
		{6E8EFA83-8443-43C3-9161-A04AD249222C}.Ad-Hoc|x86.ActiveCfg = Release|Any CPU
		{6E8EFA83-8443-43C3-9161-A04AD249222C}.AppStore|Any CPU.ActiveCfg = Release|Any CPU
		{6E8EFA83-8443-43C3-9161-A04AD249222C}.AppStore|ARM.ActiveCfg = Release|Any CPU
		{6E8EFA83-8443-43C3-9161-A04AD249222C}.AppStore|iPhone.ActiveCfg = Release|Any CPU
		{6E8EFA83-8443-43C3-9161-A04AD249222C}.AppStore|iPhoneSimulator.ActiveCfg = Release|Any CPU
		{6E8EFA83-8443-43C3-9161-A04AD249222C}.AppStore|x64.ActiveCfg = Release|Any CPU
		{6E8EFA83-8443-43C3-9161-A04AD249222C}.AppStore|x86.ActiveCfg = Release|Any CPU
		{6E8EFA83-8443-43C3-9161-A04AD249222C}.Debug|Any CPU.ActiveCfg = Debug|Any CPU
		{6E8EFA83-8443-43C3-9161-A04AD249222C}.Debug|Any CPU.Build.0 = Debug|Any CPU
		{6E8EFA83-8443-43C3-9161-A04AD249222C}.Debug|ARM.ActiveCfg = Debug|Any CPU
		{6E8EFA83-8443-43C3-9161-A04AD249222C}.Debug|ARM.Build.0 = Debug|Any CPU
		{6E8EFA83-8443-43C3-9161-A04AD249222C}.Debug|iPhone.ActiveCfg = Debug|Any CPU
		{6E8EFA83-8443-43C3-9161-A04AD249222C}.Debug|iPhoneSimulator.ActiveCfg = Debug|Any CPU
		{6E8EFA83-8443-43C3-9161-A04AD249222C}.Debug|x64.ActiveCfg = Debug|Any CPU
		{6E8EFA83-8443-43C3-9161-A04AD249222C}.Debug|x64.Build.0 = Debug|Any CPU
		{6E8EFA83-8443-43C3-9161-A04AD249222C}.Debug|x86.ActiveCfg = Debug|Any CPU
		{6E8EFA83-8443-43C3-9161-A04AD249222C}.Debug|x86.Build.0 = Debug|Any CPU
		{6E8EFA83-8443-43C3-9161-A04AD249222C}.Release|Any CPU.ActiveCfg = Release|Any CPU
		{6E8EFA83-8443-43C3-9161-A04AD249222C}.Release|Any CPU.Build.0 = Release|Any CPU
		{6E8EFA83-8443-43C3-9161-A04AD249222C}.Release|ARM.ActiveCfg = Release|Any CPU
		{6E8EFA83-8443-43C3-9161-A04AD249222C}.Release|ARM.Build.0 = Release|Any CPU
		{6E8EFA83-8443-43C3-9161-A04AD249222C}.Release|iPhone.ActiveCfg = Release|Any CPU
		{6E8EFA83-8443-43C3-9161-A04AD249222C}.Release|iPhoneSimulator.ActiveCfg = Release|Any CPU
		{6E8EFA83-8443-43C3-9161-A04AD249222C}.Release|x64.ActiveCfg = Release|Any CPU
		{6E8EFA83-8443-43C3-9161-A04AD249222C}.Release|x64.Build.0 = Release|Any CPU
		{6E8EFA83-8443-43C3-9161-A04AD249222C}.Release|x86.ActiveCfg = Release|Any CPU
		{6E8EFA83-8443-43C3-9161-A04AD249222C}.Release|x86.Build.0 = Release|Any CPU
		{98F41AC2-9454-416B-A0D0-16F1C8D74105}.Ad-Hoc|Any CPU.ActiveCfg = Release|Any CPU
		{98F41AC2-9454-416B-A0D0-16F1C8D74105}.Ad-Hoc|Any CPU.Build.0 = Release|Any CPU
		{98F41AC2-9454-416B-A0D0-16F1C8D74105}.Ad-Hoc|ARM.ActiveCfg = Release|Any CPU
		{98F41AC2-9454-416B-A0D0-16F1C8D74105}.Ad-Hoc|ARM.Build.0 = Release|Any CPU
		{98F41AC2-9454-416B-A0D0-16F1C8D74105}.Ad-Hoc|iPhone.ActiveCfg = Release|Any CPU
		{98F41AC2-9454-416B-A0D0-16F1C8D74105}.Ad-Hoc|iPhone.Build.0 = Release|Any CPU
		{98F41AC2-9454-416B-A0D0-16F1C8D74105}.Ad-Hoc|iPhoneSimulator.ActiveCfg = Release|Any CPU
		{98F41AC2-9454-416B-A0D0-16F1C8D74105}.Ad-Hoc|iPhoneSimulator.Build.0 = Release|Any CPU
		{98F41AC2-9454-416B-A0D0-16F1C8D74105}.Ad-Hoc|x64.ActiveCfg = Release|Any CPU
		{98F41AC2-9454-416B-A0D0-16F1C8D74105}.Ad-Hoc|x64.Build.0 = Release|Any CPU
		{98F41AC2-9454-416B-A0D0-16F1C8D74105}.Ad-Hoc|x86.ActiveCfg = Release|Any CPU
		{98F41AC2-9454-416B-A0D0-16F1C8D74105}.Ad-Hoc|x86.Build.0 = Release|Any CPU
		{98F41AC2-9454-416B-A0D0-16F1C8D74105}.AppStore|Any CPU.ActiveCfg = Release|Any CPU
		{98F41AC2-9454-416B-A0D0-16F1C8D74105}.AppStore|Any CPU.Build.0 = Release|Any CPU
		{98F41AC2-9454-416B-A0D0-16F1C8D74105}.AppStore|ARM.ActiveCfg = Release|Any CPU
		{98F41AC2-9454-416B-A0D0-16F1C8D74105}.AppStore|ARM.Build.0 = Release|Any CPU
		{98F41AC2-9454-416B-A0D0-16F1C8D74105}.AppStore|iPhone.ActiveCfg = Release|Any CPU
		{98F41AC2-9454-416B-A0D0-16F1C8D74105}.AppStore|iPhone.Build.0 = Release|Any CPU
		{98F41AC2-9454-416B-A0D0-16F1C8D74105}.AppStore|iPhoneSimulator.ActiveCfg = Release|Any CPU
		{98F41AC2-9454-416B-A0D0-16F1C8D74105}.AppStore|iPhoneSimulator.Build.0 = Release|Any CPU
		{98F41AC2-9454-416B-A0D0-16F1C8D74105}.AppStore|x64.ActiveCfg = Release|Any CPU
		{98F41AC2-9454-416B-A0D0-16F1C8D74105}.AppStore|x64.Build.0 = Release|Any CPU
		{98F41AC2-9454-416B-A0D0-16F1C8D74105}.AppStore|x86.ActiveCfg = Release|Any CPU
		{98F41AC2-9454-416B-A0D0-16F1C8D74105}.AppStore|x86.Build.0 = Release|Any CPU
		{98F41AC2-9454-416B-A0D0-16F1C8D74105}.Debug|Any CPU.ActiveCfg = Debug|Any CPU
		{98F41AC2-9454-416B-A0D0-16F1C8D74105}.Debug|Any CPU.Build.0 = Debug|Any CPU
		{98F41AC2-9454-416B-A0D0-16F1C8D74105}.Debug|ARM.ActiveCfg = Debug|Any CPU
		{98F41AC2-9454-416B-A0D0-16F1C8D74105}.Debug|ARM.Build.0 = Debug|Any CPU
		{98F41AC2-9454-416B-A0D0-16F1C8D74105}.Debug|iPhone.ActiveCfg = Debug|Any CPU
		{98F41AC2-9454-416B-A0D0-16F1C8D74105}.Debug|iPhone.Build.0 = Debug|Any CPU
		{98F41AC2-9454-416B-A0D0-16F1C8D74105}.Debug|iPhoneSimulator.ActiveCfg = Debug|Any CPU
		{98F41AC2-9454-416B-A0D0-16F1C8D74105}.Debug|iPhoneSimulator.Build.0 = Debug|Any CPU
		{98F41AC2-9454-416B-A0D0-16F1C8D74105}.Debug|x64.ActiveCfg = Debug|Any CPU
		{98F41AC2-9454-416B-A0D0-16F1C8D74105}.Debug|x64.Build.0 = Debug|Any CPU
		{98F41AC2-9454-416B-A0D0-16F1C8D74105}.Debug|x86.ActiveCfg = Debug|Any CPU
		{98F41AC2-9454-416B-A0D0-16F1C8D74105}.Debug|x86.Build.0 = Debug|Any CPU
		{98F41AC2-9454-416B-A0D0-16F1C8D74105}.Release|Any CPU.ActiveCfg = Release|Any CPU
		{98F41AC2-9454-416B-A0D0-16F1C8D74105}.Release|Any CPU.Build.0 = Release|Any CPU
		{98F41AC2-9454-416B-A0D0-16F1C8D74105}.Release|ARM.ActiveCfg = Release|Any CPU
		{98F41AC2-9454-416B-A0D0-16F1C8D74105}.Release|ARM.Build.0 = Release|Any CPU
		{98F41AC2-9454-416B-A0D0-16F1C8D74105}.Release|iPhone.ActiveCfg = Release|Any CPU
		{98F41AC2-9454-416B-A0D0-16F1C8D74105}.Release|iPhone.Build.0 = Release|Any CPU
		{98F41AC2-9454-416B-A0D0-16F1C8D74105}.Release|iPhoneSimulator.ActiveCfg = Release|Any CPU
		{98F41AC2-9454-416B-A0D0-16F1C8D74105}.Release|iPhoneSimulator.Build.0 = Release|Any CPU
		{98F41AC2-9454-416B-A0D0-16F1C8D74105}.Release|x64.ActiveCfg = Release|Any CPU
		{98F41AC2-9454-416B-A0D0-16F1C8D74105}.Release|x64.Build.0 = Release|Any CPU
		{98F41AC2-9454-416B-A0D0-16F1C8D74105}.Release|x86.ActiveCfg = Release|Any CPU
		{98F41AC2-9454-416B-A0D0-16F1C8D74105}.Release|x86.Build.0 = Release|Any CPU
		{B837ABB7-A5F6-43CC-804F-1427124E90E6}.Ad-Hoc|Any CPU.ActiveCfg = Release|Any CPU
		{B837ABB7-A5F6-43CC-804F-1427124E90E6}.Ad-Hoc|Any CPU.Build.0 = Release|Any CPU
		{B837ABB7-A5F6-43CC-804F-1427124E90E6}.Ad-Hoc|ARM.ActiveCfg = Release|Any CPU
		{B837ABB7-A5F6-43CC-804F-1427124E90E6}.Ad-Hoc|ARM.Build.0 = Release|Any CPU
		{B837ABB7-A5F6-43CC-804F-1427124E90E6}.Ad-Hoc|iPhone.ActiveCfg = Release|Any CPU
		{B837ABB7-A5F6-43CC-804F-1427124E90E6}.Ad-Hoc|iPhone.Build.0 = Release|Any CPU
		{B837ABB7-A5F6-43CC-804F-1427124E90E6}.Ad-Hoc|iPhoneSimulator.ActiveCfg = Release|Any CPU
		{B837ABB7-A5F6-43CC-804F-1427124E90E6}.Ad-Hoc|iPhoneSimulator.Build.0 = Release|Any CPU
		{B837ABB7-A5F6-43CC-804F-1427124E90E6}.Ad-Hoc|x64.ActiveCfg = Release|Any CPU
		{B837ABB7-A5F6-43CC-804F-1427124E90E6}.Ad-Hoc|x64.Build.0 = Release|Any CPU
		{B837ABB7-A5F6-43CC-804F-1427124E90E6}.Ad-Hoc|x86.ActiveCfg = Release|Any CPU
		{B837ABB7-A5F6-43CC-804F-1427124E90E6}.Ad-Hoc|x86.Build.0 = Release|Any CPU
		{B837ABB7-A5F6-43CC-804F-1427124E90E6}.AppStore|Any CPU.ActiveCfg = Release|Any CPU
		{B837ABB7-A5F6-43CC-804F-1427124E90E6}.AppStore|Any CPU.Build.0 = Release|Any CPU
		{B837ABB7-A5F6-43CC-804F-1427124E90E6}.AppStore|ARM.ActiveCfg = Release|Any CPU
		{B837ABB7-A5F6-43CC-804F-1427124E90E6}.AppStore|ARM.Build.0 = Release|Any CPU
		{B837ABB7-A5F6-43CC-804F-1427124E90E6}.AppStore|iPhone.ActiveCfg = Release|Any CPU
		{B837ABB7-A5F6-43CC-804F-1427124E90E6}.AppStore|iPhone.Build.0 = Release|Any CPU
		{B837ABB7-A5F6-43CC-804F-1427124E90E6}.AppStore|iPhoneSimulator.ActiveCfg = Release|Any CPU
		{B837ABB7-A5F6-43CC-804F-1427124E90E6}.AppStore|iPhoneSimulator.Build.0 = Release|Any CPU
		{B837ABB7-A5F6-43CC-804F-1427124E90E6}.AppStore|x64.ActiveCfg = Release|Any CPU
		{B837ABB7-A5F6-43CC-804F-1427124E90E6}.AppStore|x64.Build.0 = Release|Any CPU
		{B837ABB7-A5F6-43CC-804F-1427124E90E6}.AppStore|x86.ActiveCfg = Release|Any CPU
		{B837ABB7-A5F6-43CC-804F-1427124E90E6}.AppStore|x86.Build.0 = Release|Any CPU
		{B837ABB7-A5F6-43CC-804F-1427124E90E6}.Debug|Any CPU.ActiveCfg = Debug|Any CPU
		{B837ABB7-A5F6-43CC-804F-1427124E90E6}.Debug|Any CPU.Build.0 = Debug|Any CPU
		{B837ABB7-A5F6-43CC-804F-1427124E90E6}.Debug|ARM.ActiveCfg = Debug|Any CPU
		{B837ABB7-A5F6-43CC-804F-1427124E90E6}.Debug|ARM.Build.0 = Debug|Any CPU
		{B837ABB7-A5F6-43CC-804F-1427124E90E6}.Debug|iPhone.ActiveCfg = Debug|Any CPU
		{B837ABB7-A5F6-43CC-804F-1427124E90E6}.Debug|iPhone.Build.0 = Debug|Any CPU
		{B837ABB7-A5F6-43CC-804F-1427124E90E6}.Debug|iPhoneSimulator.ActiveCfg = Debug|Any CPU
		{B837ABB7-A5F6-43CC-804F-1427124E90E6}.Debug|iPhoneSimulator.Build.0 = Debug|Any CPU
		{B837ABB7-A5F6-43CC-804F-1427124E90E6}.Debug|x64.ActiveCfg = Debug|Any CPU
		{B837ABB7-A5F6-43CC-804F-1427124E90E6}.Debug|x64.Build.0 = Debug|Any CPU
		{B837ABB7-A5F6-43CC-804F-1427124E90E6}.Debug|x86.ActiveCfg = Debug|Any CPU
		{B837ABB7-A5F6-43CC-804F-1427124E90E6}.Debug|x86.Build.0 = Debug|Any CPU
		{B837ABB7-A5F6-43CC-804F-1427124E90E6}.Release|Any CPU.ActiveCfg = Release|Any CPU
		{B837ABB7-A5F6-43CC-804F-1427124E90E6}.Release|Any CPU.Build.0 = Release|Any CPU
		{B837ABB7-A5F6-43CC-804F-1427124E90E6}.Release|ARM.ActiveCfg = Release|Any CPU
		{B837ABB7-A5F6-43CC-804F-1427124E90E6}.Release|ARM.Build.0 = Release|Any CPU
		{B837ABB7-A5F6-43CC-804F-1427124E90E6}.Release|iPhone.ActiveCfg = Release|Any CPU
		{B837ABB7-A5F6-43CC-804F-1427124E90E6}.Release|iPhone.Build.0 = Release|Any CPU
		{B837ABB7-A5F6-43CC-804F-1427124E90E6}.Release|iPhoneSimulator.ActiveCfg = Release|Any CPU
		{B837ABB7-A5F6-43CC-804F-1427124E90E6}.Release|iPhoneSimulator.Build.0 = Release|Any CPU
		{B837ABB7-A5F6-43CC-804F-1427124E90E6}.Release|x64.ActiveCfg = Release|Any CPU
		{B837ABB7-A5F6-43CC-804F-1427124E90E6}.Release|x64.Build.0 = Release|Any CPU
		{B837ABB7-A5F6-43CC-804F-1427124E90E6}.Release|x86.ActiveCfg = Release|Any CPU
		{B837ABB7-A5F6-43CC-804F-1427124E90E6}.Release|x86.Build.0 = Release|Any CPU
		{FB252935-5848-4D0D-898D-D84BB8D90E23}.Ad-Hoc|Any CPU.ActiveCfg = Release|x64
		{FB252935-5848-4D0D-898D-D84BB8D90E23}.Ad-Hoc|Any CPU.Build.0 = Release|x64
		{FB252935-5848-4D0D-898D-D84BB8D90E23}.Ad-Hoc|Any CPU.Deploy.0 = Release|x64
		{FB252935-5848-4D0D-898D-D84BB8D90E23}.Ad-Hoc|ARM.ActiveCfg = Release|ARM
		{FB252935-5848-4D0D-898D-D84BB8D90E23}.Ad-Hoc|ARM.Build.0 = Release|ARM
		{FB252935-5848-4D0D-898D-D84BB8D90E23}.Ad-Hoc|ARM.Deploy.0 = Release|ARM
		{FB252935-5848-4D0D-898D-D84BB8D90E23}.Ad-Hoc|iPhone.ActiveCfg = Release|x64
		{FB252935-5848-4D0D-898D-D84BB8D90E23}.Ad-Hoc|iPhone.Build.0 = Release|x64
		{FB252935-5848-4D0D-898D-D84BB8D90E23}.Ad-Hoc|iPhone.Deploy.0 = Release|x64
		{FB252935-5848-4D0D-898D-D84BB8D90E23}.Ad-Hoc|iPhoneSimulator.ActiveCfg = Release|x64
		{FB252935-5848-4D0D-898D-D84BB8D90E23}.Ad-Hoc|iPhoneSimulator.Build.0 = Release|x64
		{FB252935-5848-4D0D-898D-D84BB8D90E23}.Ad-Hoc|iPhoneSimulator.Deploy.0 = Release|x64
		{FB252935-5848-4D0D-898D-D84BB8D90E23}.Ad-Hoc|x64.ActiveCfg = Release|x64
		{FB252935-5848-4D0D-898D-D84BB8D90E23}.Ad-Hoc|x64.Build.0 = Release|x64
		{FB252935-5848-4D0D-898D-D84BB8D90E23}.Ad-Hoc|x64.Deploy.0 = Release|x64
		{FB252935-5848-4D0D-898D-D84BB8D90E23}.Ad-Hoc|x86.ActiveCfg = Release|x86
		{FB252935-5848-4D0D-898D-D84BB8D90E23}.Ad-Hoc|x86.Build.0 = Release|x86
		{FB252935-5848-4D0D-898D-D84BB8D90E23}.Ad-Hoc|x86.Deploy.0 = Release|x86
		{FB252935-5848-4D0D-898D-D84BB8D90E23}.AppStore|Any CPU.ActiveCfg = Release|x64
		{FB252935-5848-4D0D-898D-D84BB8D90E23}.AppStore|Any CPU.Build.0 = Release|x64
		{FB252935-5848-4D0D-898D-D84BB8D90E23}.AppStore|Any CPU.Deploy.0 = Release|x64
		{FB252935-5848-4D0D-898D-D84BB8D90E23}.AppStore|ARM.ActiveCfg = Release|ARM
		{FB252935-5848-4D0D-898D-D84BB8D90E23}.AppStore|ARM.Build.0 = Release|ARM
		{FB252935-5848-4D0D-898D-D84BB8D90E23}.AppStore|ARM.Deploy.0 = Release|ARM
		{FB252935-5848-4D0D-898D-D84BB8D90E23}.AppStore|iPhone.ActiveCfg = Release|x64
		{FB252935-5848-4D0D-898D-D84BB8D90E23}.AppStore|iPhone.Build.0 = Release|x64
		{FB252935-5848-4D0D-898D-D84BB8D90E23}.AppStore|iPhone.Deploy.0 = Release|x64
		{FB252935-5848-4D0D-898D-D84BB8D90E23}.AppStore|iPhoneSimulator.ActiveCfg = Release|x64
		{FB252935-5848-4D0D-898D-D84BB8D90E23}.AppStore|iPhoneSimulator.Build.0 = Release|x64
		{FB252935-5848-4D0D-898D-D84BB8D90E23}.AppStore|iPhoneSimulator.Deploy.0 = Release|x64
		{FB252935-5848-4D0D-898D-D84BB8D90E23}.AppStore|x64.ActiveCfg = Release|x64
		{FB252935-5848-4D0D-898D-D84BB8D90E23}.AppStore|x64.Build.0 = Release|x64
		{FB252935-5848-4D0D-898D-D84BB8D90E23}.AppStore|x64.Deploy.0 = Release|x64
		{FB252935-5848-4D0D-898D-D84BB8D90E23}.AppStore|x86.ActiveCfg = Release|x86
		{FB252935-5848-4D0D-898D-D84BB8D90E23}.AppStore|x86.Build.0 = Release|x86
		{FB252935-5848-4D0D-898D-D84BB8D90E23}.AppStore|x86.Deploy.0 = Release|x86
		{FB252935-5848-4D0D-898D-D84BB8D90E23}.Debug|Any CPU.ActiveCfg = Debug|x86
		{FB252935-5848-4D0D-898D-D84BB8D90E23}.Debug|ARM.ActiveCfg = Debug|ARM
		{FB252935-5848-4D0D-898D-D84BB8D90E23}.Debug|ARM.Build.0 = Debug|ARM
		{FB252935-5848-4D0D-898D-D84BB8D90E23}.Debug|ARM.Deploy.0 = Debug|ARM
		{FB252935-5848-4D0D-898D-D84BB8D90E23}.Debug|iPhone.ActiveCfg = Debug|x86
		{FB252935-5848-4D0D-898D-D84BB8D90E23}.Debug|iPhoneSimulator.ActiveCfg = Debug|x86
		{FB252935-5848-4D0D-898D-D84BB8D90E23}.Debug|x64.ActiveCfg = Debug|x64
		{FB252935-5848-4D0D-898D-D84BB8D90E23}.Debug|x64.Build.0 = Debug|x64
		{FB252935-5848-4D0D-898D-D84BB8D90E23}.Debug|x64.Deploy.0 = Debug|x64
		{FB252935-5848-4D0D-898D-D84BB8D90E23}.Debug|x86.ActiveCfg = Debug|x86
		{FB252935-5848-4D0D-898D-D84BB8D90E23}.Debug|x86.Build.0 = Debug|x86
		{FB252935-5848-4D0D-898D-D84BB8D90E23}.Debug|x86.Deploy.0 = Debug|x86
		{FB252935-5848-4D0D-898D-D84BB8D90E23}.Release|Any CPU.ActiveCfg = Release|x86
		{FB252935-5848-4D0D-898D-D84BB8D90E23}.Release|ARM.ActiveCfg = Release|ARM
		{FB252935-5848-4D0D-898D-D84BB8D90E23}.Release|ARM.Build.0 = Release|ARM
		{FB252935-5848-4D0D-898D-D84BB8D90E23}.Release|ARM.Deploy.0 = Release|ARM
		{FB252935-5848-4D0D-898D-D84BB8D90E23}.Release|iPhone.ActiveCfg = Release|x86
		{FB252935-5848-4D0D-898D-D84BB8D90E23}.Release|iPhoneSimulator.ActiveCfg = Release|x86
		{FB252935-5848-4D0D-898D-D84BB8D90E23}.Release|x64.ActiveCfg = Release|x64
		{FB252935-5848-4D0D-898D-D84BB8D90E23}.Release|x64.Build.0 = Release|x64
		{FB252935-5848-4D0D-898D-D84BB8D90E23}.Release|x64.Deploy.0 = Release|x64
		{FB252935-5848-4D0D-898D-D84BB8D90E23}.Release|x86.ActiveCfg = Release|x86
		{FB252935-5848-4D0D-898D-D84BB8D90E23}.Release|x86.Build.0 = Release|x86
		{FB252935-5848-4D0D-898D-D84BB8D90E23}.Release|x86.Deploy.0 = Release|x86
		{101E3060-8799-4119-8A7A-4F86A01C0C84}.Ad-Hoc|Any CPU.ActiveCfg = Release|iPhone
		{101E3060-8799-4119-8A7A-4F86A01C0C84}.Ad-Hoc|Any CPU.Build.0 = Release|iPhone
		{101E3060-8799-4119-8A7A-4F86A01C0C84}.Ad-Hoc|ARM.ActiveCfg = Release|iPhone
		{101E3060-8799-4119-8A7A-4F86A01C0C84}.Ad-Hoc|ARM.Build.0 = Release|iPhone
		{101E3060-8799-4119-8A7A-4F86A01C0C84}.Ad-Hoc|iPhone.ActiveCfg = Release|iPhone
		{101E3060-8799-4119-8A7A-4F86A01C0C84}.Ad-Hoc|iPhone.Build.0 = Release|iPhone
		{101E3060-8799-4119-8A7A-4F86A01C0C84}.Ad-Hoc|iPhoneSimulator.ActiveCfg = Release|iPhoneSimulator
		{101E3060-8799-4119-8A7A-4F86A01C0C84}.Ad-Hoc|iPhoneSimulator.Build.0 = Release|iPhoneSimulator
		{101E3060-8799-4119-8A7A-4F86A01C0C84}.Ad-Hoc|x64.ActiveCfg = Release|iPhone
		{101E3060-8799-4119-8A7A-4F86A01C0C84}.Ad-Hoc|x64.Build.0 = Release|iPhone
		{101E3060-8799-4119-8A7A-4F86A01C0C84}.Ad-Hoc|x86.ActiveCfg = Release|iPhone
		{101E3060-8799-4119-8A7A-4F86A01C0C84}.Ad-Hoc|x86.Build.0 = Release|iPhone
		{101E3060-8799-4119-8A7A-4F86A01C0C84}.AppStore|Any CPU.ActiveCfg = Release|iPhone
		{101E3060-8799-4119-8A7A-4F86A01C0C84}.AppStore|Any CPU.Build.0 = Release|iPhone
		{101E3060-8799-4119-8A7A-4F86A01C0C84}.AppStore|ARM.ActiveCfg = Release|iPhone
		{101E3060-8799-4119-8A7A-4F86A01C0C84}.AppStore|ARM.Build.0 = Release|iPhone
		{101E3060-8799-4119-8A7A-4F86A01C0C84}.AppStore|iPhone.ActiveCfg = Release|iPhone
		{101E3060-8799-4119-8A7A-4F86A01C0C84}.AppStore|iPhone.Build.0 = Release|iPhone
		{101E3060-8799-4119-8A7A-4F86A01C0C84}.AppStore|iPhoneSimulator.ActiveCfg = Release|iPhoneSimulator
		{101E3060-8799-4119-8A7A-4F86A01C0C84}.AppStore|iPhoneSimulator.Build.0 = Release|iPhoneSimulator
		{101E3060-8799-4119-8A7A-4F86A01C0C84}.AppStore|x64.ActiveCfg = Release|iPhone
		{101E3060-8799-4119-8A7A-4F86A01C0C84}.AppStore|x64.Build.0 = Release|iPhone
		{101E3060-8799-4119-8A7A-4F86A01C0C84}.AppStore|x86.ActiveCfg = Release|iPhone
		{101E3060-8799-4119-8A7A-4F86A01C0C84}.AppStore|x86.Build.0 = Release|iPhone
		{101E3060-8799-4119-8A7A-4F86A01C0C84}.Debug|Any CPU.ActiveCfg = Debug|iPhone
		{101E3060-8799-4119-8A7A-4F86A01C0C84}.Debug|ARM.ActiveCfg = Debug|iPhone
		{101E3060-8799-4119-8A7A-4F86A01C0C84}.Debug|iPhone.ActiveCfg = Debug|iPhone
		{101E3060-8799-4119-8A7A-4F86A01C0C84}.Debug|iPhone.Build.0 = Debug|iPhone
		{101E3060-8799-4119-8A7A-4F86A01C0C84}.Debug|iPhoneSimulator.ActiveCfg = Debug|iPhoneSimulator
		{101E3060-8799-4119-8A7A-4F86A01C0C84}.Debug|iPhoneSimulator.Build.0 = Debug|iPhoneSimulator
		{101E3060-8799-4119-8A7A-4F86A01C0C84}.Debug|x64.ActiveCfg = Debug|iPhone
		{101E3060-8799-4119-8A7A-4F86A01C0C84}.Debug|x86.ActiveCfg = Debug|iPhone
		{101E3060-8799-4119-8A7A-4F86A01C0C84}.Release|Any CPU.ActiveCfg = Release|iPhone
		{101E3060-8799-4119-8A7A-4F86A01C0C84}.Release|ARM.ActiveCfg = Release|iPhone
		{101E3060-8799-4119-8A7A-4F86A01C0C84}.Release|iPhone.ActiveCfg = Release|iPhone
		{101E3060-8799-4119-8A7A-4F86A01C0C84}.Release|iPhone.Build.0 = Release|iPhone
		{101E3060-8799-4119-8A7A-4F86A01C0C84}.Release|iPhoneSimulator.ActiveCfg = Release|iPhoneSimulator
		{101E3060-8799-4119-8A7A-4F86A01C0C84}.Release|iPhoneSimulator.Build.0 = Release|iPhoneSimulator
		{101E3060-8799-4119-8A7A-4F86A01C0C84}.Release|x64.ActiveCfg = Release|iPhone
		{101E3060-8799-4119-8A7A-4F86A01C0C84}.Release|x86.ActiveCfg = Release|iPhone
		{1E296946-277F-4279-9666-B58B8E6FDC9F}.Ad-Hoc|Any CPU.ActiveCfg = Ad-Hoc|iPhone
		{1E296946-277F-4279-9666-B58B8E6FDC9F}.Ad-Hoc|ARM.ActiveCfg = Ad-Hoc|iPhone
		{1E296946-277F-4279-9666-B58B8E6FDC9F}.Ad-Hoc|iPhone.ActiveCfg = Ad-Hoc|iPhone
		{1E296946-277F-4279-9666-B58B8E6FDC9F}.Ad-Hoc|iPhone.Build.0 = Ad-Hoc|iPhone
		{1E296946-277F-4279-9666-B58B8E6FDC9F}.Ad-Hoc|iPhoneSimulator.ActiveCfg = Ad-Hoc|iPhoneSimulator
		{1E296946-277F-4279-9666-B58B8E6FDC9F}.Ad-Hoc|iPhoneSimulator.Build.0 = Ad-Hoc|iPhoneSimulator
		{1E296946-277F-4279-9666-B58B8E6FDC9F}.Ad-Hoc|x64.ActiveCfg = Ad-Hoc|iPhone
		{1E296946-277F-4279-9666-B58B8E6FDC9F}.Ad-Hoc|x86.ActiveCfg = Ad-Hoc|iPhone
		{1E296946-277F-4279-9666-B58B8E6FDC9F}.AppStore|Any CPU.ActiveCfg = AppStore|iPhone
		{1E296946-277F-4279-9666-B58B8E6FDC9F}.AppStore|ARM.ActiveCfg = AppStore|iPhone
		{1E296946-277F-4279-9666-B58B8E6FDC9F}.AppStore|iPhone.ActiveCfg = AppStore|iPhone
		{1E296946-277F-4279-9666-B58B8E6FDC9F}.AppStore|iPhone.Build.0 = AppStore|iPhone
		{1E296946-277F-4279-9666-B58B8E6FDC9F}.AppStore|iPhoneSimulator.ActiveCfg = AppStore|iPhoneSimulator
		{1E296946-277F-4279-9666-B58B8E6FDC9F}.AppStore|iPhoneSimulator.Build.0 = AppStore|iPhoneSimulator
		{1E296946-277F-4279-9666-B58B8E6FDC9F}.AppStore|x64.ActiveCfg = AppStore|iPhone
		{1E296946-277F-4279-9666-B58B8E6FDC9F}.AppStore|x86.ActiveCfg = AppStore|iPhone
		{1E296946-277F-4279-9666-B58B8E6FDC9F}.Debug|Any CPU.ActiveCfg = Debug|iPhone
		{1E296946-277F-4279-9666-B58B8E6FDC9F}.Debug|ARM.ActiveCfg = Debug|iPhone
		{1E296946-277F-4279-9666-B58B8E6FDC9F}.Debug|iPhone.ActiveCfg = Debug|iPhone
		{1E296946-277F-4279-9666-B58B8E6FDC9F}.Debug|iPhone.Build.0 = Debug|iPhone
		{1E296946-277F-4279-9666-B58B8E6FDC9F}.Debug|iPhoneSimulator.ActiveCfg = Debug|iPhoneSimulator
		{1E296946-277F-4279-9666-B58B8E6FDC9F}.Debug|iPhoneSimulator.Build.0 = Debug|iPhoneSimulator
		{1E296946-277F-4279-9666-B58B8E6FDC9F}.Debug|x64.ActiveCfg = Debug|iPhone
		{1E296946-277F-4279-9666-B58B8E6FDC9F}.Debug|x86.ActiveCfg = Debug|iPhone
		{1E296946-277F-4279-9666-B58B8E6FDC9F}.Release|Any CPU.ActiveCfg = Release|iPhone
		{1E296946-277F-4279-9666-B58B8E6FDC9F}.Release|ARM.ActiveCfg = Release|iPhone
		{1E296946-277F-4279-9666-B58B8E6FDC9F}.Release|iPhone.ActiveCfg = Release|iPhone
		{1E296946-277F-4279-9666-B58B8E6FDC9F}.Release|iPhone.Build.0 = Release|iPhone
		{1E296946-277F-4279-9666-B58B8E6FDC9F}.Release|iPhoneSimulator.ActiveCfg = Release|iPhoneSimulator
		{1E296946-277F-4279-9666-B58B8E6FDC9F}.Release|iPhoneSimulator.Build.0 = Release|iPhoneSimulator
		{1E296946-277F-4279-9666-B58B8E6FDC9F}.Release|x64.ActiveCfg = Release|iPhone
		{1E296946-277F-4279-9666-B58B8E6FDC9F}.Release|x86.ActiveCfg = Release|iPhone
		{590374D5-5C3E-4A4C-887C-C41479424FA2}.Ad-Hoc|Any CPU.ActiveCfg = Debug|Any CPU
		{590374D5-5C3E-4A4C-887C-C41479424FA2}.Ad-Hoc|Any CPU.Build.0 = Debug|Any CPU
		{590374D5-5C3E-4A4C-887C-C41479424FA2}.Ad-Hoc|ARM.ActiveCfg = Debug|Any CPU
		{590374D5-5C3E-4A4C-887C-C41479424FA2}.Ad-Hoc|ARM.Build.0 = Debug|Any CPU
		{590374D5-5C3E-4A4C-887C-C41479424FA2}.Ad-Hoc|iPhone.ActiveCfg = Debug|Any CPU
		{590374D5-5C3E-4A4C-887C-C41479424FA2}.Ad-Hoc|iPhone.Build.0 = Debug|Any CPU
		{590374D5-5C3E-4A4C-887C-C41479424FA2}.Ad-Hoc|iPhoneSimulator.ActiveCfg = Debug|Any CPU
		{590374D5-5C3E-4A4C-887C-C41479424FA2}.Ad-Hoc|iPhoneSimulator.Build.0 = Debug|Any CPU
		{590374D5-5C3E-4A4C-887C-C41479424FA2}.Ad-Hoc|x64.ActiveCfg = Debug|Any CPU
		{590374D5-5C3E-4A4C-887C-C41479424FA2}.Ad-Hoc|x64.Build.0 = Debug|Any CPU
		{590374D5-5C3E-4A4C-887C-C41479424FA2}.Ad-Hoc|x86.ActiveCfg = Debug|Any CPU
		{590374D5-5C3E-4A4C-887C-C41479424FA2}.Ad-Hoc|x86.Build.0 = Debug|Any CPU
		{590374D5-5C3E-4A4C-887C-C41479424FA2}.AppStore|Any CPU.ActiveCfg = Debug|Any CPU
		{590374D5-5C3E-4A4C-887C-C41479424FA2}.AppStore|Any CPU.Build.0 = Debug|Any CPU
		{590374D5-5C3E-4A4C-887C-C41479424FA2}.AppStore|ARM.ActiveCfg = Debug|Any CPU
		{590374D5-5C3E-4A4C-887C-C41479424FA2}.AppStore|ARM.Build.0 = Debug|Any CPU
		{590374D5-5C3E-4A4C-887C-C41479424FA2}.AppStore|iPhone.ActiveCfg = Debug|Any CPU
		{590374D5-5C3E-4A4C-887C-C41479424FA2}.AppStore|iPhone.Build.0 = Debug|Any CPU
		{590374D5-5C3E-4A4C-887C-C41479424FA2}.AppStore|iPhoneSimulator.ActiveCfg = Debug|Any CPU
		{590374D5-5C3E-4A4C-887C-C41479424FA2}.AppStore|iPhoneSimulator.Build.0 = Debug|Any CPU
		{590374D5-5C3E-4A4C-887C-C41479424FA2}.AppStore|x64.ActiveCfg = Debug|Any CPU
		{590374D5-5C3E-4A4C-887C-C41479424FA2}.AppStore|x64.Build.0 = Debug|Any CPU
		{590374D5-5C3E-4A4C-887C-C41479424FA2}.AppStore|x86.ActiveCfg = Debug|Any CPU
		{590374D5-5C3E-4A4C-887C-C41479424FA2}.AppStore|x86.Build.0 = Debug|Any CPU
		{590374D5-5C3E-4A4C-887C-C41479424FA2}.Debug|Any CPU.ActiveCfg = Debug|Any CPU
		{590374D5-5C3E-4A4C-887C-C41479424FA2}.Debug|Any CPU.Build.0 = Debug|Any CPU
		{590374D5-5C3E-4A4C-887C-C41479424FA2}.Debug|ARM.ActiveCfg = Debug|Any CPU
		{590374D5-5C3E-4A4C-887C-C41479424FA2}.Debug|ARM.Build.0 = Debug|Any CPU
		{590374D5-5C3E-4A4C-887C-C41479424FA2}.Debug|iPhone.ActiveCfg = Debug|Any CPU
		{590374D5-5C3E-4A4C-887C-C41479424FA2}.Debug|iPhone.Build.0 = Debug|Any CPU
		{590374D5-5C3E-4A4C-887C-C41479424FA2}.Debug|iPhoneSimulator.ActiveCfg = Debug|Any CPU
		{590374D5-5C3E-4A4C-887C-C41479424FA2}.Debug|iPhoneSimulator.Build.0 = Debug|Any CPU
		{590374D5-5C3E-4A4C-887C-C41479424FA2}.Debug|x64.ActiveCfg = Debug|Any CPU
		{590374D5-5C3E-4A4C-887C-C41479424FA2}.Debug|x64.Build.0 = Debug|Any CPU
		{590374D5-5C3E-4A4C-887C-C41479424FA2}.Debug|x86.ActiveCfg = Debug|Any CPU
		{590374D5-5C3E-4A4C-887C-C41479424FA2}.Debug|x86.Build.0 = Debug|Any CPU
		{590374D5-5C3E-4A4C-887C-C41479424FA2}.Release|Any CPU.ActiveCfg = Release|Any CPU
		{590374D5-5C3E-4A4C-887C-C41479424FA2}.Release|Any CPU.Build.0 = Release|Any CPU
		{590374D5-5C3E-4A4C-887C-C41479424FA2}.Release|ARM.ActiveCfg = Release|Any CPU
		{590374D5-5C3E-4A4C-887C-C41479424FA2}.Release|ARM.Build.0 = Release|Any CPU
		{590374D5-5C3E-4A4C-887C-C41479424FA2}.Release|iPhone.ActiveCfg = Release|Any CPU
		{590374D5-5C3E-4A4C-887C-C41479424FA2}.Release|iPhone.Build.0 = Release|Any CPU
		{590374D5-5C3E-4A4C-887C-C41479424FA2}.Release|iPhoneSimulator.ActiveCfg = Release|Any CPU
		{590374D5-5C3E-4A4C-887C-C41479424FA2}.Release|iPhoneSimulator.Build.0 = Release|Any CPU
		{590374D5-5C3E-4A4C-887C-C41479424FA2}.Release|x64.ActiveCfg = Release|Any CPU
		{590374D5-5C3E-4A4C-887C-C41479424FA2}.Release|x64.Build.0 = Release|Any CPU
		{590374D5-5C3E-4A4C-887C-C41479424FA2}.Release|x86.ActiveCfg = Release|Any CPU
		{590374D5-5C3E-4A4C-887C-C41479424FA2}.Release|x86.Build.0 = Release|Any CPU
		{EE76C397-5849-484A-BD9B-550CC2A2A0AC}.Ad-Hoc|Any CPU.ActiveCfg = Debug|Any CPU
		{EE76C397-5849-484A-BD9B-550CC2A2A0AC}.Ad-Hoc|Any CPU.Build.0 = Debug|Any CPU
		{EE76C397-5849-484A-BD9B-550CC2A2A0AC}.Ad-Hoc|ARM.ActiveCfg = Debug|Any CPU
		{EE76C397-5849-484A-BD9B-550CC2A2A0AC}.Ad-Hoc|ARM.Build.0 = Debug|Any CPU
		{EE76C397-5849-484A-BD9B-550CC2A2A0AC}.Ad-Hoc|iPhone.ActiveCfg = Debug|Any CPU
		{EE76C397-5849-484A-BD9B-550CC2A2A0AC}.Ad-Hoc|iPhone.Build.0 = Debug|Any CPU
		{EE76C397-5849-484A-BD9B-550CC2A2A0AC}.Ad-Hoc|iPhoneSimulator.ActiveCfg = Debug|Any CPU
		{EE76C397-5849-484A-BD9B-550CC2A2A0AC}.Ad-Hoc|iPhoneSimulator.Build.0 = Debug|Any CPU
		{EE76C397-5849-484A-BD9B-550CC2A2A0AC}.Ad-Hoc|x64.ActiveCfg = Debug|Any CPU
		{EE76C397-5849-484A-BD9B-550CC2A2A0AC}.Ad-Hoc|x64.Build.0 = Debug|Any CPU
		{EE76C397-5849-484A-BD9B-550CC2A2A0AC}.Ad-Hoc|x86.ActiveCfg = Debug|Any CPU
		{EE76C397-5849-484A-BD9B-550CC2A2A0AC}.Ad-Hoc|x86.Build.0 = Debug|Any CPU
		{EE76C397-5849-484A-BD9B-550CC2A2A0AC}.AppStore|Any CPU.ActiveCfg = Debug|Any CPU
		{EE76C397-5849-484A-BD9B-550CC2A2A0AC}.AppStore|Any CPU.Build.0 = Debug|Any CPU
		{EE76C397-5849-484A-BD9B-550CC2A2A0AC}.AppStore|ARM.ActiveCfg = Debug|Any CPU
		{EE76C397-5849-484A-BD9B-550CC2A2A0AC}.AppStore|ARM.Build.0 = Debug|Any CPU
		{EE76C397-5849-484A-BD9B-550CC2A2A0AC}.AppStore|iPhone.ActiveCfg = Debug|Any CPU
		{EE76C397-5849-484A-BD9B-550CC2A2A0AC}.AppStore|iPhone.Build.0 = Debug|Any CPU
		{EE76C397-5849-484A-BD9B-550CC2A2A0AC}.AppStore|iPhoneSimulator.ActiveCfg = Debug|Any CPU
		{EE76C397-5849-484A-BD9B-550CC2A2A0AC}.AppStore|iPhoneSimulator.Build.0 = Debug|Any CPU
		{EE76C397-5849-484A-BD9B-550CC2A2A0AC}.AppStore|x64.ActiveCfg = Debug|Any CPU
		{EE76C397-5849-484A-BD9B-550CC2A2A0AC}.AppStore|x64.Build.0 = Debug|Any CPU
		{EE76C397-5849-484A-BD9B-550CC2A2A0AC}.AppStore|x86.ActiveCfg = Debug|Any CPU
		{EE76C397-5849-484A-BD9B-550CC2A2A0AC}.AppStore|x86.Build.0 = Debug|Any CPU
		{EE76C397-5849-484A-BD9B-550CC2A2A0AC}.Debug|Any CPU.ActiveCfg = Debug|Any CPU
		{EE76C397-5849-484A-BD9B-550CC2A2A0AC}.Debug|Any CPU.Build.0 = Debug|Any CPU
		{EE76C397-5849-484A-BD9B-550CC2A2A0AC}.Debug|ARM.ActiveCfg = Debug|Any CPU
		{EE76C397-5849-484A-BD9B-550CC2A2A0AC}.Debug|ARM.Build.0 = Debug|Any CPU
		{EE76C397-5849-484A-BD9B-550CC2A2A0AC}.Debug|iPhone.ActiveCfg = Debug|Any CPU
		{EE76C397-5849-484A-BD9B-550CC2A2A0AC}.Debug|iPhone.Build.0 = Debug|Any CPU
		{EE76C397-5849-484A-BD9B-550CC2A2A0AC}.Debug|iPhoneSimulator.ActiveCfg = Debug|Any CPU
		{EE76C397-5849-484A-BD9B-550CC2A2A0AC}.Debug|iPhoneSimulator.Build.0 = Debug|Any CPU
		{EE76C397-5849-484A-BD9B-550CC2A2A0AC}.Debug|x64.ActiveCfg = Debug|Any CPU
		{EE76C397-5849-484A-BD9B-550CC2A2A0AC}.Debug|x64.Build.0 = Debug|Any CPU
		{EE76C397-5849-484A-BD9B-550CC2A2A0AC}.Debug|x86.ActiveCfg = Debug|Any CPU
		{EE76C397-5849-484A-BD9B-550CC2A2A0AC}.Debug|x86.Build.0 = Debug|Any CPU
		{EE76C397-5849-484A-BD9B-550CC2A2A0AC}.Release|Any CPU.ActiveCfg = Release|Any CPU
		{EE76C397-5849-484A-BD9B-550CC2A2A0AC}.Release|Any CPU.Build.0 = Release|Any CPU
		{EE76C397-5849-484A-BD9B-550CC2A2A0AC}.Release|ARM.ActiveCfg = Release|Any CPU
		{EE76C397-5849-484A-BD9B-550CC2A2A0AC}.Release|ARM.Build.0 = Release|Any CPU
		{EE76C397-5849-484A-BD9B-550CC2A2A0AC}.Release|iPhone.ActiveCfg = Release|Any CPU
		{EE76C397-5849-484A-BD9B-550CC2A2A0AC}.Release|iPhone.Build.0 = Release|Any CPU
		{EE76C397-5849-484A-BD9B-550CC2A2A0AC}.Release|iPhoneSimulator.ActiveCfg = Release|Any CPU
		{EE76C397-5849-484A-BD9B-550CC2A2A0AC}.Release|iPhoneSimulator.Build.0 = Release|Any CPU
		{EE76C397-5849-484A-BD9B-550CC2A2A0AC}.Release|x64.ActiveCfg = Release|Any CPU
		{EE76C397-5849-484A-BD9B-550CC2A2A0AC}.Release|x64.Build.0 = Release|Any CPU
		{EE76C397-5849-484A-BD9B-550CC2A2A0AC}.Release|x86.ActiveCfg = Release|Any CPU
		{EE76C397-5849-484A-BD9B-550CC2A2A0AC}.Release|x86.Build.0 = Release|Any CPU
	EndGlobalSection
	GlobalSection(SolutionProperties) = preSolution
		HideSolutionNode = FALSE
	EndGlobalSection
	GlobalSection(NestedProjects) = preSolution
		{EE2135A2-6ED8-419D-BA15-8F56CD59831F} = {2319D832-FBC1-48AE-B8B9-DC3B4C0C25ED}
		{5FCD1BCB-CE36-407E-965F-9B10B21A66C2} = {2319D832-FBC1-48AE-B8B9-DC3B4C0C25ED}
		{E487F13D-FCE2-4E8E-A183-A89CA61AA78F} = {2319D832-FBC1-48AE-B8B9-DC3B4C0C25ED}
		{CDE9AD85-1FDF-4213-B580-7C297EC81205} = {2319D832-FBC1-48AE-B8B9-DC3B4C0C25ED}
		{0C3ED220-9B7A-4F4E-A18B-7D23D87C3297} = {B3EB1297-57A9-4338-A578-233522C81AC9}
		{2EB1C36A-FA63-4EAB-ACCB-7E13BF65C378} = {C8E52422-CCD1-4F33-82C5-C44626743827}
		{98F41AC2-9454-416B-A0D0-16F1C8D74105} = {B3EB1297-57A9-4338-A578-233522C81AC9}
		{B837ABB7-A5F6-43CC-804F-1427124E90E6} = {2319D832-FBC1-48AE-B8B9-DC3B4C0C25ED}
		{FB252935-5848-4D0D-898D-D84BB8D90E23} = {B3EB1297-57A9-4338-A578-233522C81AC9}
		{101E3060-8799-4119-8A7A-4F86A01C0C84} = {B3EB1297-57A9-4338-A578-233522C81AC9}
		{1E296946-277F-4279-9666-B58B8E6FDC9F} = {B3EB1297-57A9-4338-A578-233522C81AC9}
		{EE76C397-5849-484A-BD9B-550CC2A2A0AC} = {B3EB1297-57A9-4338-A578-233522C81AC9}
	EndGlobalSection
	GlobalSection(ExtensibilityGlobals) = postSolution
		SolutionGuid = {9D03021A-E2BA-46F4-A672-6E6157C830FC}
	EndGlobalSection
EndGlobal
